// !$*UTF8*$!
{
	archiveVersion = 1;
	classes = {
	};
	objectVersion = 70;
	objects = {

/* Begin PBXBuildFile section */
		102B5EAB2E172F41003D191E /* DatadogCore in Frameworks */ = {isa = PBXBuildFile; productRef = 102B5EAA2E172F41003D191E /* DatadogCore */; };
		102B5EAD2E172F41003D191E /* DatadogCrashReporting in Frameworks */ = {isa = PBXBuildFile; productRef = 102B5EAC2E172F41003D191E /* DatadogCrashReporting */; };
		102B5EAF2E172F41003D191E /* DatadogLogs in Frameworks */ = {isa = PBXBuildFile; productRef = 102B5EAE2E172F41003D191E /* DatadogLogs */; };
		102B5EB12E172F41003D191E /* DatadogRUM in Frameworks */ = {isa = PBXBuildFile; productRef = 102B5EB02E172F41003D191E /* DatadogRUM */; };
		10794B232F8713CB000CA23F /* MeshtasticTAK in Frameworks */ = {isa = PBXBuildFile; productRef = 10794B222F8713CB000CA23F /* MeshtasticTAK */; };
		10D109F42E2047D600536CE6 /* DatadogTrace in Frameworks */ = {isa = PBXBuildFile; productRef = 10D109F32E2047D600536CE6 /* DatadogTrace */; };
		2315D1A82EEF2ED400E0FAE7 /* SwiftDraw in Frameworks */ = {isa = PBXBuildFile; productRef = 2315D1A72EEF2ED400E0FAE7 /* SwiftDraw */; };
		2339EA982E6C65570032C234 /* AppIcon.icon in Resources */ = {isa = PBXBuildFile; fileRef = 2339EA972E6C65570032C234 /* AppIcon.icon */; };
		2339EA9A2E6C65DC0032C234 /* AppIconDebug.icon in Resources */ = {isa = PBXBuildFile; fileRef = 2339EA992E6C65DC0032C234 /* AppIconDebug.icon */; };
		2388EC382EDF88E900F6F982 /* NordicDFU in Frameworks */ = {isa = PBXBuildFile; productRef = 2388EC372EDF88E900F6F982 /* NordicDFU */; };
		25A978BA2C13F8ED0003AAE7 /* MeshtasticProtobufs in Frameworks */ = {isa = PBXBuildFile; productRef = 25A978B92C13F8ED0003AAE7 /* MeshtasticProtobufs */; };
		25A978BC2C13F90D0003AAE7 /* MeshtasticProtobufs in Frameworks */ = {isa = PBXBuildFile; productRef = 25A978BB2C13F90D0003AAE7 /* MeshtasticProtobufs */; };
		25AECD4F2C2F723200862C8E /* Localizable.xcstrings in Resources */ = {isa = PBXBuildFile; fileRef = 25AECD4E2C2F723200862C8E /* Localizable.xcstrings */; };
		25F5D5C22C3F6E4B008036E3 /* AppState.swift in Sources */ = {isa = PBXBuildFile; fileRef = 25F5D5C12C3F6E4B008036E3 /* AppState.swift */; };
		6DA39D8E2A92DC52007E311C /* MeshtasticAppDelegate.swift in Sources */ = {isa = PBXBuildFile; fileRef = 6DA39D8D2A92DC52007E311C /* MeshtasticAppDelegate.swift */; };
		8E587743574CE17703E892C6 /* Certificates in Resources */ = {isa = PBXBuildFile; fileRef = 518D504DED9874EBF9D76578 /* Certificates */; };
		AA000401SIRI000000000002 /* AppIntentVocabulary.plist in Resources */ = {isa = PBXBuildFile; fileRef = AA000401SIRI000000000001 /* AppIntentVocabulary.plist */; };
		AA000402IPLS000000000002 /* InfoPlist.strings in Resources */ = {isa = PBXBuildFile; fileRef = AA000402IPLS000000000001 /* InfoPlist.strings */; };
		AA0005WTCH00000000BF0011 /* Meshtastic Watch App.app in Embed Watch Content */ = {isa = PBXBuildFile; fileRef = AA0005WTCH00000000FR0012 /* Meshtastic Watch App.app */; platformFilter = ios; settings = {ATTRIBUTES = (CodeSignOnCopy, RemoveHeadersOnCopy, ); }; };
		AA003DOC0000004000000001 /* docs in Resources */ = {isa = PBXBuildFile; fileRef = AA003DOC0000005000000001 /* docs */; };
		B734732C0C394582BD6CD0CA /* urls.json in Resources */ = {isa = PBXBuildFile; fileRef = AF44FDF549704E29A8E5FE2F /* urls.json */; };
		BBFF00000000000000000009 /* PMTilesExtractorTests.swift in Sources */ = {isa = PBXBuildFile; fileRef = AAFF00000000000000000009 /* PMTilesExtractorTests.swift */; };
		DD00003C000SNAP00000001 /* SnapshotTesting in Frameworks */ = {isa = PBXBuildFile; productRef = DD00003B000SNAP00000000 /* SnapshotTesting */; };
		DD0D3D222A55CEB10066DB71 /* CocoaMQTT in Frameworks */ = {isa = PBXBuildFile; productRef = DD0D3D212A55CEB10066DB71 /* CocoaMQTT */; };
		DD0E21012B8A6F1300F2D100 /* DeviceHardware.json in Resources */ = {isa = PBXBuildFile; fileRef = DD0E21002B8A6BC500F2D100 /* DeviceHardware.json */; };
		DD86C7C52FE385D2000BC38E /* Markdown in Frameworks */ = {isa = PBXBuildFile; productRef = AA009SMD0000000000000002 /* Markdown */; };
		DD86D3ED2FEB9972000BC38E /* MVTTools in Frameworks */ = {isa = PBXBuildFile; productRef = DD86D3EC2FEB9972000BC38E /* MVTTools */; };
		DD98EB212E7A31140016320A /* AppIcon_Ham.icon in Resources */ = {isa = PBXBuildFile; fileRef = DD98EB202E7A31140016320A /* AppIcon_Ham.icon */; };
		DD98EB292E7A42CC0016320A /* AppIcon_Chirpy.icon in Resources */ = {isa = PBXBuildFile; fileRef = DD98EB282E7A42CC0016320A /* AppIcon_Chirpy.icon */; };
		DD98EB2B2E7A838D0016320A /* AppIcon_MPowered.icon in Resources */ = {isa = PBXBuildFile; fileRef = DD98EB2A2E7A838D0016320A /* AppIcon_MPowered.icon */; };
		DDB75A1A2A05EB67006ED576 /* alpha.png in Resources */ = {isa = PBXBuildFile; fileRef = DDB75A192A05EB67006ED576 /* alpha.png */; };
		DDC2E15826CE248E0042C5E4 /* MeshtasticApp.swift in Sources */ = {isa = PBXBuildFile; fileRef = DDC2E15726CE248E0042C5E4 /* MeshtasticApp.swift */; };
		DDC2E15C26CE248F0042C5E4 /* Assets.xcassets in Resources */ = {isa = PBXBuildFile; fileRef = DDC2E15B26CE248F0042C5E4 /* Assets.xcassets */; };
		DDC2E15F26CE248F0042C5E4 /* Preview Assets.xcassets in Resources */ = {isa = PBXBuildFile; fileRef = DDC2E15E26CE248F0042C5E4 /* Preview Assets.xcassets */; };
		DDDBC87B2BC62E4E001E8DF7 /* Settings.bundle in Resources */ = {isa = PBXBuildFile; fileRef = DDDBC87A2BC62E4E001E8DF7 /* Settings.bundle */; };
		DDDE59F529AF163D00490C6C /* WidgetKit.framework in Frameworks */ = {isa = PBXBuildFile; fileRef = DD41A61C29AE7E8E003C5A37 /* WidgetKit.framework */; };
		DDDE59F629AF163D00490C6C /* SwiftUI.framework in Frameworks */ = {isa = PBXBuildFile; fileRef = DD41A61E29AE7E8F003C5A37 /* SwiftUI.framework */; };
		DDDE5A0329AF163E00490C6C /* WidgetsExtension.appex in Embed Foundation Extensions */ = {isa = PBXBuildFile; fileRef = DDDE59F429AF163D00490C6C /* WidgetsExtension.appex */; platformFilter = ios; settings = {ATTRIBUTES = (RemoveHeadersOnCopy, ); }; };
		E4E4E4E402000000000000B1 /* event_firmware.json in Resources */ = {isa = PBXBuildFile; fileRef = E4E4E4E402000000000000B0 /* event_firmware.json */; };
/* End PBXBuildFile section */

/* Begin PBXContainerItemProxy section */
		25F5D5CB2C4375A8008036E3 /* PBXContainerItemProxy */ = {
			isa = PBXContainerItemProxy;
			containerPortal = DDC2E14C26CE248E0042C5E4 /* Project object */;
			proxyType = 1;
			remoteGlobalIDString = DDC2E15326CE248E0042C5E4;
			remoteInfo = Meshtastic;
		};
		AA0005WTCH00000000CX0001 /* PBXContainerItemProxy */ = {
			isa = PBXContainerItemProxy;
			containerPortal = DDC2E14C26CE248E0042C5E4 /* Project object */;
			proxyType = 1;
			remoteGlobalIDString = AA0005WTCH00000000NT0001;
			remoteInfo = "Meshtastic Watch App";
		};
		DDDE5A0129AF163E00490C6C /* PBXContainerItemProxy */ = {
			isa = PBXContainerItemProxy;
			containerPortal = DDC2E14C26CE248E0042C5E4 /* Project object */;
			proxyType = 1;
			remoteGlobalIDString = DDDE59F329AF163D00490C6C;
			remoteInfo = WidgetsExtension;
		};
/* End PBXContainerItemProxy section */

/* Begin PBXCopyFilesBuildPhase section */
		236CA24D2EE3073100A47F96 /* CopyFiles */ = {
			isa = PBXCopyFilesBuildPhase;
			buildActionMask = 2147483647;
			dstPath = "";
			dstSubfolderSpec = 7;
			files = (
			);
			runOnlyForDeploymentPostprocessing = 0;
		};
		AA0005WTCH00000000CP0001 /* Embed Watch Content */ = {
			isa = PBXCopyFilesBuildPhase;
			buildActionMask = 2147483647;
			dstPath = "$(CONTENTS_FOLDER_PATH)/Watch";
			dstSubfolderSpec = 16;
			files = (
				AA0005WTCH00000000BF0011 /* Meshtastic Watch App.app in Embed Watch Content */,
			);
			name = "Embed Watch Content";
			runOnlyForDeploymentPostprocessing = 0;
		};
		DDDE5A0829AF163F00490C6C /* Embed Foundation Extensions */ = {
			isa = PBXCopyFilesBuildPhase;
			buildActionMask = 2147483647;
			dstPath = "";
			dstSubfolderSpec = 13;
			files = (
				DDDE5A0329AF163E00490C6C /* WidgetsExtension.appex in Embed Foundation Extensions */,
			);
			name = "Embed Foundation Extensions";
			runOnlyForDeploymentPostprocessing = 0;
		};
/* End PBXCopyFilesBuildPhase section */

/* Begin PBXFileReference section */
		2339EA972E6C65570032C234 /* AppIcon.icon */ = {isa = PBXFileReference; lastKnownFileType = folder.iconcomposer.icon; path = AppIcon.icon; sourceTree = "<group>"; };
		2339EA992E6C65DC0032C234 /* AppIconDebug.icon */ = {isa = PBXFileReference; lastKnownFileType = folder.iconcomposer.icon; path = AppIconDebug.icon; sourceTree = "<group>"; };
		233E99B32D84969500CC3A77 /* MeshtasticDataModelV 50.xcdatamodel */ = {isa = PBXFileReference; lastKnownFileType = wrapper.xcdatamodel; path = "MeshtasticDataModelV 50.xcdatamodel"; sourceTree = "<group>"; };
		25AECD4E2C2F723200862C8E /* Localizable.xcstrings */ = {isa = PBXFileReference; lastKnownFileType = text.json.xcstrings; path = Localizable.xcstrings; sourceTree = "<group>"; };
		25F5D5C12C3F6E4B008036E3 /* AppState.swift */ = {isa = PBXFileReference; lastKnownFileType = sourcecode.swift; path = AppState.swift; sourceTree = "<group>"; };
		25F5D5C72C4375A8008036E3 /* MeshtasticTests.xctest */ = {isa = PBXFileReference; explicitFileType = wrapper.cfbundle; includeInIndex = 0; path = MeshtasticTests.xctest; sourceTree = BUILT_PRODUCTS_DIR; };
		518D504DED9874EBF9D76578 /* Certificates */ = {isa = PBXFileReference; includeInIndex = 1; lastKnownFileType = folder; path = Certificates; sourceTree = "<group>"; };
		6DA39D8D2A92DC52007E311C /* MeshtasticAppDelegate.swift */ = {isa = PBXFileReference; lastKnownFileType = sourcecode.swift; path = MeshtasticAppDelegate.swift; sourceTree = "<group>"; };
		8D3F8A3D2D44B137009EAAA4 /* MeshtasticDataModelV 49.xcdatamodel */ = {isa = PBXFileReference; lastKnownFileType = wrapper.xcdatamodel; path = "MeshtasticDataModelV 49.xcdatamodel"; sourceTree = "<group>"; };
		AA0001022F07A4B000600001 /* MeshtasticDataModelV 57.xcdatamodel */ = {isa = PBXFileReference; lastKnownFileType = wrapper.xcdatamodel; path = "MeshtasticDataModelV 57.xcdatamodel"; sourceTree = "<group>"; };
		AA000401SIRI000000000010 /* en */ = {isa = PBXFileReference; lastKnownFileType = text.plist.xml; name = en; path = en.lproj/AppIntentVocabulary.plist; sourceTree = "<group>"; };
		AA000401SIRI000000000011 /* de */ = {isa = PBXFileReference; lastKnownFileType = text.plist.xml; name = de; path = de.lproj/AppIntentVocabulary.plist; sourceTree = "<group>"; };
		AA000401SIRI000000000012 /* es */ = {isa = PBXFileReference; lastKnownFileType = text.plist.xml; name = es; path = es.lproj/AppIntentVocabulary.plist; sourceTree = "<group>"; };
		AA000401SIRI000000000013 /* fr */ = {isa = PBXFileReference; lastKnownFileType = text.plist.xml; name = fr; path = fr.lproj/AppIntentVocabulary.plist; sourceTree = "<group>"; };
		AA000401SIRI000000000014 /* it */ = {isa = PBXFileReference; lastKnownFileType = text.plist.xml; name = it; path = it.lproj/AppIntentVocabulary.plist; sourceTree = "<group>"; };
		AA000401SIRI000000000015 /* ja */ = {isa = PBXFileReference; lastKnownFileType = text.plist.xml; name = ja; path = ja.lproj/AppIntentVocabulary.plist; sourceTree = "<group>"; };
		AA000401SIRI000000000016 /* da */ = {isa = PBXFileReference; lastKnownFileType = text.plist.xml; name = da; path = da.lproj/AppIntentVocabulary.plist; sourceTree = "<group>"; };
		AA000401SIRI000000000017 /* pl */ = {isa = PBXFileReference; lastKnownFileType = text.plist.xml; name = pl; path = pl.lproj/AppIntentVocabulary.plist; sourceTree = "<group>"; };
		AA000401SIRI000000000018 /* ru */ = {isa = PBXFileReference; lastKnownFileType = text.plist.xml; name = ru; path = ru.lproj/AppIntentVocabulary.plist; sourceTree = "<group>"; };
		AA000401SIRI000000000019 /* he */ = {isa = PBXFileReference; lastKnownFileType = text.plist.xml; name = he; path = he.lproj/AppIntentVocabulary.plist; sourceTree = "<group>"; };
		AA000401SIRI000000000020 /* sr */ = {isa = PBXFileReference; lastKnownFileType = text.plist.xml; name = sr; path = sr.lproj/AppIntentVocabulary.plist; sourceTree = "<group>"; };
		AA000401SIRI000000000021 /* se */ = {isa = PBXFileReference; lastKnownFileType = text.plist.xml; name = se; path = se.lproj/AppIntentVocabulary.plist; sourceTree = "<group>"; };
		AA000401SIRI000000000022 /* zh-Hans */ = {isa = PBXFileReference; lastKnownFileType = text.plist.xml; name = "zh-Hans"; path = "zh-Hans.lproj/AppIntentVocabulary.plist"; sourceTree = "<group>"; };
		AA000401SIRI000000000023 /* zh-Hant-TW */ = {isa = PBXFileReference; lastKnownFileType = text.plist.xml; name = "zh-Hant-TW"; path = "zh-Hant-TW.lproj/AppIntentVocabulary.plist"; sourceTree = "<group>"; };
		AA000401SIRI000000000024 /* ko */ = {isa = PBXFileReference; lastKnownFileType = text.plist.xml; name = ko; path = ko.lproj/AppIntentVocabulary.plist; sourceTree = "<group>"; };
		AA000401SIRI000000000025 /* zh-Hant */ = {isa = PBXFileReference; lastKnownFileType = text.plist.xml; name = "zh-Hant"; path = "zh-Hant.lproj/AppIntentVocabulary.plist"; sourceTree = "<group>"; };
		AA000401SIRI000000000026 /* pt-BR */ = {isa = PBXFileReference; lastKnownFileType = text.plist.xml; name = "pt-BR"; path = "pt-BR.lproj/AppIntentVocabulary.plist"; sourceTree = "<group>"; };
		AA000402IPLS000000000010 /* zh-Hant-TW */ = {isa = PBXFileReference; lastKnownFileType = text.plist.strings; name = "zh-Hant-TW"; path = "zh-Hant-TW.lproj/InfoPlist.strings"; sourceTree = "<group>"; };
		AA0005WTCH00000000FR0012 /* Meshtastic Watch App.app */ = {isa = PBXFileReference; explicitFileType = wrapper.application; includeInIndex = 0; path = "Meshtastic Watch App.app"; sourceTree = BUILT_PRODUCTS_DIR; };
		AA003DOC0000005000000001 /* docs */ = {isa = PBXFileReference; includeInIndex = 1; lastKnownFileType = folder; path = docs; sourceTree = "<group>"; };
		AAFF00000000000000000009 /* PMTilesExtractorTests.swift */ = {isa = PBXFileReference; lastKnownFileType = sourcecode.swift; name = PMTilesExtractorTests.swift; path = MeshtasticTests/PMTilesExtractorTests.swift; sourceTree = SOURCE_ROOT; };
		AF44FDF549704E29A8E5FE2F /* urls.json */ = {isa = PBXFileReference; lastKnownFileType = text.json; path = urls.json; sourceTree = "<group>"; };
		D93069062B81D8900066FBC8 /* MeshtasticDataModelV 27.xcdatamodel */ = {isa = PBXFileReference; lastKnownFileType = wrapper.xcdatamodel; path = "MeshtasticDataModelV 27.xcdatamodel"; sourceTree = "<group>"; };
		DD04804A2E9295A5005F946C /* MeshtasticDataModelV 55.xcdatamodel */ = {isa = PBXFileReference; lastKnownFileType = wrapper.xcdatamodel; path = "MeshtasticDataModelV 55.xcdatamodel"; sourceTree = "<group>"; };
		DD05296F2B77F454008E44CD /* MeshtasticDataModelV 26.xcdatamodel */ = {isa = PBXFileReference; lastKnownFileType = wrapper.xcdatamodel; path = "MeshtasticDataModelV 26.xcdatamodel"; sourceTree = "<group>"; };
		DD0836AB2DE7C7CB00A3A973 /* MeshtasticDataModelV 52.xcdatamodel */ = {isa = PBXFileReference; lastKnownFileType = wrapper.xcdatamodel; path = "MeshtasticDataModelV 52.xcdatamodel"; sourceTree = "<group>"; };
		DD0BE30C2CB785D8000BA445 /* MeshtasticDataModelV 46.xcdatamodel */ = {isa = PBXFileReference; lastKnownFileType = wrapper.xcdatamodel; path = "MeshtasticDataModelV 46.xcdatamodel"; sourceTree = "<group>"; };
		DD0E20FF2B892E1300F2D100 /* MeshtasticDataModelV 28.xcdatamodel */ = {isa = PBXFileReference; lastKnownFileType = wrapper.xcdatamodel; path = "MeshtasticDataModelV 28.xcdatamodel"; sourceTree = "<group>"; };
		DD0E21002B8A6BC500F2D100 /* DeviceHardware.json */ = {isa = PBXFileReference; lastKnownFileType = text.json; path = DeviceHardware.json; sourceTree = "<group>"; };
		DD0E9C222A30CE3A00580CBB /* MeshtasticDataModelV14.xcdatamodel */ = {isa = PBXFileReference; lastKnownFileType = wrapper.xcdatamodel; path = MeshtasticDataModelV14.xcdatamodel; sourceTree = "<group>"; };
		DD14E72C2A80738F006E39BC /* MeshtasticDataModelV15.xcdatamodel */ = {isa = PBXFileReference; lastKnownFileType = wrapper.xcdatamodel; path = MeshtasticDataModelV15.xcdatamodel; sourceTree = "<group>"; };
		DD1BD0F12C61D3AD008C0C70 /* MeshtasticDataModelV 42.xcdatamodel */ = {isa = PBXFileReference; lastKnownFileType = wrapper.xcdatamodel; path = "MeshtasticDataModelV 42.xcdatamodel"; sourceTree = "<group>"; };
		DD1BEF462DFF284C0090CE24 /* MeshtasticDataModelV 53.xcdatamodel */ = {isa = PBXFileReference; lastKnownFileType = wrapper.xcdatamodel; path = "MeshtasticDataModelV 53.xcdatamodel"; sourceTree = "<group>"; };
		DD23D9AB2B7133F6003F5CBE /* MeshtasticDataModelV 25.xcdatamodel */ = {isa = PBXFileReference; lastKnownFileType = wrapper.xcdatamodel; path = "MeshtasticDataModelV 25.xcdatamodel"; sourceTree = "<group>"; };
		DD268D8C2BCC7D11008073AE /* MeshtasticDataModelV 35.xcdatamodel */ = {isa = PBXFileReference; lastKnownFileType = wrapper.xcdatamodel; path = "MeshtasticDataModelV 35.xcdatamodel"; sourceTree = "<group>"; };
		DD295CE92B323ED9002CC4AC /* MeshtasticDataModelV22.xcdatamodel */ = {isa = PBXFileReference; lastKnownFileType = wrapper.xcdatamodel; path = MeshtasticDataModelV22.xcdatamodel; sourceTree = "<group>"; };
		DD2984A82C5AEF7500B1268D /* MeshtasticDataModelV 41.xcdatamodel */ = {isa = PBXFileReference; lastKnownFileType = wrapper.xcdatamodel; path = "MeshtasticDataModelV 41.xcdatamodel"; sourceTree = "<group>"; };
		DD2CC2E52ABFE04E00EDFDA7 /* MeshtasticDataModelV19.xcdatamodel */ = {isa = PBXFileReference; lastKnownFileType = wrapper.xcdatamodel; path = MeshtasticDataModelV19.xcdatamodel; sourceTree = "<group>"; };
		DD31B04D2BDC6FD30024FA63 /* MeshtasticDataModelV 36.xcdatamodel */ = {isa = PBXFileReference; lastKnownFileType = wrapper.xcdatamodel; path = "MeshtasticDataModelV 36.xcdatamodel"; sourceTree = "<group>"; };
		DD33DB602B3D1ECC003E1EA0 /* MeshtasticDataModelV 23.xcdatamodel */ = {isa = PBXFileReference; lastKnownFileType = wrapper.xcdatamodel; path = "MeshtasticDataModelV 23.xcdatamodel"; sourceTree = "<group>"; };
		DD3619132B1EE20700C41C8C /* MeshtasticDataModelV21.xcdatamodel */ = {isa = PBXFileReference; lastKnownFileType = wrapper.xcdatamodel; path = MeshtasticDataModelV21.xcdatamodel; sourceTree = "<group>"; };
		DD398EBD2B93F640002B4C51 /* MeshtasticDataModelV 29.xcdatamodel */ = {isa = PBXFileReference; lastKnownFileType = wrapper.xcdatamodel; path = "MeshtasticDataModelV 29.xcdatamodel"; sourceTree = "<group>"; };
		DD3CC6BB28E366DF00FA9159 /* MeshtasticDataModel.xcdatamodel */ = {isa = PBXFileReference; lastKnownFileType = wrapper.xcdatamodel; path = MeshtasticDataModel.xcdatamodel; sourceTree = "<group>"; };
		DD3D17DC2C3D7B1400561584 /* MeshtasticDataModelV 39.xcdatamodel */ = {isa = PBXFileReference; lastKnownFileType = wrapper.xcdatamodel; path = "MeshtasticDataModelV 39.xcdatamodel"; sourceTree = "<group>"; };
		DD41A61C29AE7E8E003C5A37 /* WidgetKit.framework */ = {isa = PBXFileReference; lastKnownFileType = wrapper.framework; name = WidgetKit.framework; path = System/Library/Frameworks/WidgetKit.framework; sourceTree = SDKROOT; };
		DD41A61E29AE7E8F003C5A37 /* SwiftUI.framework */ = {isa = PBXFileReference; lastKnownFileType = wrapper.framework; name = SwiftUI.framework; path = System/Library/Frameworks/SwiftUI.framework; sourceTree = SDKROOT; };
		DD457BC4295D5E35004BCE4D /* MeshtasticDataModelV5.xcdatamodel */ = {isa = PBXFileReference; lastKnownFileType = wrapper.xcdatamodel; path = MeshtasticDataModelV5.xcdatamodel; sourceTree = "<group>"; };
		DD5D0A9A2931AD6B00F7EA61 /* MeshtasticDataModelV2.xcdatamodel */ = {isa = PBXFileReference; lastKnownFileType = wrapper.xcdatamodel; path = MeshtasticDataModelV2.xcdatamodel; sourceTree = "<group>"; };
		DD5E51CC2986643400D21B61 /* MeshtasticDataModelV7.xcdatamodel */ = {isa = PBXFileReference; lastKnownFileType = wrapper.xcdatamodel; path = MeshtasticDataModelV7.xcdatamodel; sourceTree = "<group>"; };
		DD63CB4E2DD4FBEA00AFCAE2 /* MeshtasticDataModelV 51.xcdatamodel */ = {isa = PBXFileReference; lastKnownFileType = wrapper.xcdatamodel; path = "MeshtasticDataModelV 51.xcdatamodel"; sourceTree = "<group>"; };
		DD68BAE72C417A74004C01A0 /* MeshtasticDataModelV 40.xcdatamodel */ = {isa = PBXFileReference; lastKnownFileType = wrapper.xcdatamodel; path = "MeshtasticDataModelV 40.xcdatamodel"; sourceTree = "<group>"; };
		DD6D5A342CA13BA600ED3032 /* MeshtasticDataModelV 45.xcdatamodel */ = {isa = PBXFileReference; lastKnownFileType = wrapper.xcdatamodel; path = "MeshtasticDataModelV 45.xcdatamodel"; sourceTree = "<group>"; };
		DD7CF8DA2C93663C008BD10E /* MeshtasticDataModelV 44.xcdatamodel */ = {isa = PBXFileReference; lastKnownFileType = wrapper.xcdatamodel; path = "MeshtasticDataModelV 44.xcdatamodel"; sourceTree = "<group>"; };
		DD7D46262F833B520028AC1A /* MeshtasticDataModelV 56.xcdatamodel */ = {isa = PBXFileReference; lastKnownFileType = wrapper.xcdatamodel; path = "MeshtasticDataModelV 56.xcdatamodel"; sourceTree = "<group>"; };
		DD7E235F2C7AA3E50078ACDF /* MeshtasticDataModelV 43.xcdatamodel */ = {isa = PBXFileReference; lastKnownFileType = wrapper.xcdatamodel; path = "MeshtasticDataModelV 43.xcdatamodel"; sourceTree = "<group>"; };
		DD90860A26F645B700DC5189 /* Meshtastic.entitlements */ = {isa = PBXFileReference; lastKnownFileType = text.plist.entitlements; path = Meshtastic.entitlements; sourceTree = "<group>"; };
		DD964FC029724F6D007C176F /* MeshtasticDataModelV6.xcdatamodel */ = {isa = PBXFileReference; lastKnownFileType = wrapper.xcdatamodel; path = MeshtasticDataModelV6.xcdatamodel; sourceTree = "<group>"; };
		DD9681A22BBB22BE00FD2C47 /* MeshtasticDataModelV32.xcdatamodel */ = {isa = PBXFileReference; lastKnownFileType = wrapper.xcdatamodel; path = MeshtasticDataModelV32.xcdatamodel; sourceTree = "<group>"; };
		DD98EB202E7A31140016320A /* AppIcon_Ham.icon */ = {isa = PBXFileReference; lastKnownFileType = folder.iconcomposer.icon; path = AppIcon_Ham.icon; sourceTree = "<group>"; };
		DD98EB282E7A42CC0016320A /* AppIcon_Chirpy.icon */ = {isa = PBXFileReference; lastKnownFileType = folder.iconcomposer.icon; path = AppIcon_Chirpy.icon; sourceTree = "<group>"; };
		DD98EB2A2E7A838D0016320A /* AppIcon_MPowered.icon */ = {isa = PBXFileReference; lastKnownFileType = folder.iconcomposer.icon; path = AppIcon_MPowered.icon; sourceTree = "<group>"; };
		DD9A1A912BA2D2D3001E602E /* MeshtasticDataModelV 30.xcdatamodel */ = {isa = PBXFileReference; lastKnownFileType = wrapper.xcdatamodel; path = "MeshtasticDataModelV 30.xcdatamodel"; sourceTree = "<group>"; };
		DDA28B1B2D32C89200EF726F /* MeshtasticDataModelV 48.xcdatamodel */ = {isa = PBXFileReference; lastKnownFileType = wrapper.xcdatamodel; path = "MeshtasticDataModelV 48.xcdatamodel"; sourceTree = "<group>"; };
		DDAB580B2B0D913500147258 /* MeshtasticDataModelV20.xcdatamodel */ = {isa = PBXFileReference; lastKnownFileType = wrapper.xcdatamodel; path = MeshtasticDataModelV20.xcdatamodel; sourceTree = "<group>"; };
		DDB234392B5CA9B000DA6FB1 /* MeshtasticDataModelV 24.xcdatamodel */ = {isa = PBXFileReference; lastKnownFileType = wrapper.xcdatamodel; path = "MeshtasticDataModelV 24.xcdatamodel"; sourceTree = "<group>"; };
		DDB759E12A04B264006ED576 /* MeshtasticDataModelV12.xcdatamodel */ = {isa = PBXFileReference; lastKnownFileType = wrapper.xcdatamodel; path = MeshtasticDataModelV12.xcdatamodel; sourceTree = "<group>"; };
		DDB75A192A05EB67006ED576 /* alpha.png */ = {isa = PBXFileReference; lastKnownFileType = image.png; path = alpha.png; sourceTree = "<group>"; };
		DDB75A1F2A10766D006ED576 /* MeshtasticDataModelV13.xcdatamodel */ = {isa = PBXFileReference; lastKnownFileType = wrapper.xcdatamodel; path = MeshtasticDataModelV13.xcdatamodel; sourceTree = "<group>"; };
		DDBA45EC299ED78100DEEDDC /* MeshtasticDataModelV8.xcdatamodel */ = {isa = PBXFileReference; lastKnownFileType = wrapper.xcdatamodel; path = MeshtasticDataModelV8.xcdatamodel; sourceTree = "<group>"; };
		DDC2E15426CE248E0042C5E4 /* Meshtastic.app */ = {isa = PBXFileReference; explicitFileType = wrapper.application; includeInIndex = 0; path = Meshtastic.app; sourceTree = BUILT_PRODUCTS_DIR; };
		DDC2E15726CE248E0042C5E4 /* MeshtasticApp.swift */ = {isa = PBXFileReference; lastKnownFileType = sourcecode.swift; path = MeshtasticApp.swift; sourceTree = "<group>"; };
		DDC2E15B26CE248F0042C5E4 /* Assets.xcassets */ = {isa = PBXFileReference; lastKnownFileType = folder.assetcatalog; name = Assets.xcassets; path = ../Assets.xcassets; sourceTree = "<group>"; };
		DDC2E15E26CE248F0042C5E4 /* Preview Assets.xcassets */ = {isa = PBXFileReference; lastKnownFileType = folder.assetcatalog; path = "Preview Assets.xcassets"; sourceTree = "<group>"; };
		DDC2E16526CE248F0042C5E4 /* Info.plist */ = {isa = PBXFileReference; lastKnownFileType = text.plist.xml; path = Info.plist; sourceTree = "<group>"; };
		DDC4CA012A8DAA3800CE201C /* MeshtasticDataModelV16.xcdatamodel */ = {isa = PBXFileReference; lastKnownFileType = wrapper.xcdatamodel; path = MeshtasticDataModelV16.xcdatamodel; sourceTree = "<group>"; };
		DDC94FC329CED7280082EA6E /* MeshtasticDataModelV10.xcdatamodel */ = {isa = PBXFileReference; lastKnownFileType = wrapper.xcdatamodel; path = MeshtasticDataModelV10.xcdatamodel; sourceTree = "<group>"; };
		DDCDC69A29467643004C1DDA /* MeshtasticDataModelV3.xcdatamodel */ = {isa = PBXFileReference; lastKnownFileType = wrapper.xcdatamodel; path = MeshtasticDataModelV3.xcdatamodel; sourceTree = "<group>"; };
		DDD28D372C0CD2670063CFA3 /* MeshtasticDataModelV 37.xcdatamodel */ = {isa = PBXFileReference; lastKnownFileType = wrapper.xcdatamodel; path = "MeshtasticDataModelV 37.xcdatamodel"; sourceTree = "<group>"; };
		DDD3A2B22D5127CF0045EB48 /* ci_pre_xcodebuild.sh */ = {isa = PBXFileReference; lastKnownFileType = text.script.sh; path = ci_pre_xcodebuild.sh; sourceTree = "<group>"; };
		DDD5BB142C28680D007E03CA /* MeshtasticDataModelV 38.xcdatamodel */ = {isa = PBXFileReference; lastKnownFileType = wrapper.xcdatamodel; path = "MeshtasticDataModelV 38.xcdatamodel"; sourceTree = "<group>"; };
		DDDB26492AAD743E003AFCB7 /* MeshtasticDataModelV18.xcdatamodel */ = {isa = PBXFileReference; lastKnownFileType = wrapper.xcdatamodel; path = MeshtasticDataModelV18.xcdatamodel; sourceTree = "<group>"; };
		DDDBC87A2BC62E4E001E8DF7 /* Settings.bundle */ = {isa = PBXFileReference; lastKnownFileType = "wrapper.plug-in"; path = Settings.bundle; sourceTree = "<group>"; };
		DDDBC87C2BC65682001E8DF7 /* MeshtasticDataModelV 34.xcdatamodel */ = {isa = PBXFileReference; lastKnownFileType = wrapper.xcdatamodel; path = "MeshtasticDataModelV 34.xcdatamodel"; sourceTree = "<group>"; };
		DDDCD5712BB3246500BE6B60 /* MeshtasticDataModelV 31.xcdatamodel */ = {isa = PBXFileReference; lastKnownFileType = wrapper.xcdatamodel; path = "MeshtasticDataModelV 31.xcdatamodel"; sourceTree = "<group>"; };
		DDDD527729B5B83F0045BC3C /* MeshtasticDataModelV9.xcdatamodel */ = {isa = PBXFileReference; lastKnownFileType = wrapper.xcdatamodel; path = MeshtasticDataModelV9.xcdatamodel; sourceTree = "<group>"; };
		DDDE59F429AF163D00490C6C /* WidgetsExtension.appex */ = {isa = PBXFileReference; explicitFileType = "wrapper.app-extension"; includeInIndex = 0; path = WidgetsExtension.appex; sourceTree = BUILT_PRODUCTS_DIR; };
		E4E4E4E402000000000000B0 /* event_firmware.json */ = {isa = PBXFileReference; lastKnownFileType = text.json; path = event_firmware.json; sourceTree = "<group>"; };
		AA000401SIRI000000000027 /* uk */ = {isa = PBXFileReference; lastKnownFileType = text.plist.xml; name = uk; path = uk.lproj/AppIntentVocabulary.plist; sourceTree = "<group>"; };
		AA000402IPLS000000000011 /* uk */ = {isa = PBXFileReference; lastKnownFileType = text.plist.strings; name = uk; path = uk.lproj/InfoPlist.strings; sourceTree = "<group>"; };
		DDDEE5E229DBE43E00A8E078 /* MeshtasticDataModelV11.xcdatamodel */ = {isa = PBXFileReference; lastKnownFileType = wrapper.xcdatamodel; path = MeshtasticDataModelV11.xcdatamodel; sourceTree = "<group>"; };
		DDDF34392E2CB8E600356DC3 /* MeshtasticDataModelV 54.xcdatamodel */ = {isa = PBXFileReference; lastKnownFileType = wrapper.xcdatamodel; path = "MeshtasticDataModelV 54.xcdatamodel"; sourceTree = "<group>"; };
		DDDFE7402D0D4A070044463C /* MeshtasticDataModelV 47.xcdatamodel */ = {isa = PBXFileReference; lastKnownFileType = wrapper.xcdatamodel; path = "MeshtasticDataModelV 47.xcdatamodel"; sourceTree = "<group>"; };
		DDEE03EC29544A1000FCAD57 /* MeshtasticDataModelV4.xcdatamodel */ = {isa = PBXFileReference; lastKnownFileType = wrapper.xcdatamodel; path = MeshtasticDataModelV4.xcdatamodel; sourceTree = "<group>"; };
		DDF45C382BC46B16005ED5F2 /* MeshtasticDataModelV33.xcdatamodel */ = {isa = PBXFileReference; lastKnownFileType = wrapper.xcdatamodel; path = MeshtasticDataModelV33.xcdatamodel; sourceTree = "<group>"; };
		DDF6B2462A9AEB9E00BA6931 /* MeshtasticDataModelV17.xcdatamodel */ = {isa = PBXFileReference; lastKnownFileType = wrapper.xcdatamodel; path = MeshtasticDataModelV17.xcdatamodel; sourceTree = "<group>"; };
/* End PBXFileReference section */

/* Begin PBXFileSystemSynchronizedBuildFileExceptionSet section */
		1688AA96EA3E4866BB2E9D62 /* Exceptions for "Meshtastic Watch App" folder in "Meshtastic Watch App" target */ = {
			isa = PBXFileSystemSynchronizedBuildFileExceptionSet;
			membershipExceptions = (
				Info.plist,
				"Meshtastic Watch App.entitlements",
			);
			target = AA0005WTCH00000000NT0001 /* Meshtastic Watch App */;
		};
		236CA24C2EE3071A00A47F96 /* Exceptions for "images" folder in "Meshtastic" target */ = {
			isa = PBXFileSystemSynchronizedBuildFileExceptionSet;
			membershipExceptions = (
				crowpanel_2_8.svg,
				crowpanel_3_5.svg,
				crowpanel_5_0.svg,
				crowpanel_7_0.svg,
				diy.svg,
				heltec_mesh_pocket.svg,
				heltec_v4.svg,
				"heltec-ht62-esp32c3-sx1262.svg",
				"heltec-mesh-node-t114-case.svg",
				"heltec-mesh-node-t114.svg",
				"heltec-mesh-solar.svg",
				"heltec-v3-case.svg",
				"heltec-v3.svg",
				"heltec-vision-master-e213.svg",
				"heltec-vision-master-e290.svg",
				"heltec-vision-master-t190.svg",
				"heltec-wireless-paper.svg",
				"heltec-wireless-tracker.svg",
				"heltec-wsl-v3.svg",
				image_manifest.json,
				"lilygo-tlora-pager.svg",
				m5_c6l.svg,
				meteor_pro.svg,
				muzi_r1_neo.svg,
				"nano-g2-ultra.svg",
				pico.svg,
				promicro.svg,
				rak_3312.svg,
				rak_wismesh_tag.svg,
				"rak-wismesh-tap-v2.svg",
				"rak-wismeshtap.svg",
				rak2560.svg,
				rak4631_case.svg,
				rak4631.svg,
				rak11200.svg,
				rak11310.svg,
				rpipicow.svg,
				seeed_solar.svg,
				seeed_xiao_nrf52_kit.svg,
				"seeed-sensecap-indicator.svg",
				"seeed-xiao-s3.svg",
				"station-g2.svg",
				"t-deck.svg",
				"t-echo.svg",
				"t-watch-s3.svg",
				"tbeam-s3-core.svg",
				tbeam.svg,
				tdeck_pro.svg,
				techo_lite.svg,
				thinknode_m1.svg,
				thinknode_m2.svg,
				"tlora-t3s3-epaper.svg",
				"tlora-t3s3-v1.svg",
				"tlora-v2-1-1_6.svg",
				"tlora-v2-1-1_8.svg",
				"tracker-t1000-e.svg",
				wio_tracker_l1_case.svg,
				wio_tracker_l1_eink.svg,
				"wio-tracker-wm1110.svg",
			);
			target = DDC2E15326CE248E0042C5E4 /* Meshtastic */;
		};
		85FC84BF8DD64019A5A16CFE /* PBXFileSystemSynchronizedBuildFileExceptionSet */ = {
			isa = PBXFileSystemSynchronizedBuildFileExceptionSet;
			membershipExceptions = (
				Info.plist,
				WidgetsExtension.entitlements,
			);
			target = DDDE59F329AF163D00490C6C /* WidgetsExtension */;
		};
/* End PBXFileSystemSynchronizedBuildFileExceptionSet section */

/* Begin PBXFileSystemSynchronizedRootGroup section */
		0EE13964E300442C5A94BC5D /* Tips */ = {
			isa = PBXFileSystemSynchronizedRootGroup;
			exceptions = (
			);
			path = Tips;
			sourceTree = "<group>";
		};
		13FD299F8ED189F4E212A2B8 /* Persistence */ = {
			isa = PBXFileSystemSynchronizedRootGroup;
			exceptions = (
			);
			path = Persistence;
			sourceTree = "<group>";
		};
		236CA20D2EE3036A00A47F96 /* images */ = {
			isa = PBXFileSystemSynchronizedRootGroup;
			exceptions = (
				236CA24C2EE3071A00A47F96 /* Exceptions for "images" folder in "Meshtastic" target */,
			);
			explicitFileTypes = {
			};
			explicitFolders = (
			);
			path = images;
			sourceTree = "<group>";
		};
		25F5D5C82C4375A8008036E3 /* MeshtasticTests */ = {
			isa = PBXFileSystemSynchronizedRootGroup;
			exceptions = (
			);
			explicitFileTypes = {
			};
			explicitFolders = (
			);
			path = MeshtasticTests;
			sourceTree = "<group>";
		};
		281DCB1BB89317C171EE4300 /* Enums */ = {
			isa = PBXFileSystemSynchronizedRootGroup;
			exceptions = (
			);
			path = Enums;
			sourceTree = "<group>";
		};
		33B5F83CF3B4A73CE9C03027 /* Model */ = {
			isa = PBXFileSystemSynchronizedRootGroup;
			exceptions = (
			);
			path = Model;
			sourceTree = "<group>";
		};
		34C2DF61955A6D9774FBF433 /* Helpers */ = {
			isa = PBXFileSystemSynchronizedRootGroup;
			exceptions = (
			);
			path = Helpers;
			sourceTree = "<group>";
		};
		37908F51452FEEB0C68FE4EA /* Export */ = {
			isa = PBXFileSystemSynchronizedRootGroup;
			exceptions = (
			);
			path = Export;
			sourceTree = "<group>";
		};
		462C8DEEBADAE2DCBDDF605E /* Views */ = {
			isa = PBXFileSystemSynchronizedRootGroup;
			exceptions = (
			);
			path = Views;
			sourceTree = "<group>";
		};
		77ECCC9204BF9F3ABE7B3A15 /* API */ = {
			isa = PBXFileSystemSynchronizedRootGroup;
			exceptions = (
			);
			path = API;
			sourceTree = "<group>";
		};
		8C566A28EF5CAF246BECB54A /* Router */ = {
			isa = PBXFileSystemSynchronizedRootGroup;
			exceptions = (
			);
			path = Router;
			sourceTree = "<group>";
		};
		AA0005WTCH00000000GR0001 /* Meshtastic Watch App */ = {
			isa = PBXFileSystemSynchronizedRootGroup;
			exceptions = (
				1688AA96EA3E4866BB2E9D62 /* Exceptions for "Meshtastic Watch App" folder in "Meshtastic Watch App" target */,
			);
			explicitFileTypes = {
			};
			explicitFolders = (
			);
			path = "Meshtastic Watch App";
			sourceTree = "<group>";
		};
		ABD6FAB2F8FD1E0B61AD1058 /* Accessory */ = {
			isa = PBXFileSystemSynchronizedRootGroup;
			exceptions = (
			);
			path = Accessory;
			sourceTree = "<group>";
		};
		BCCB75AF40EC3B5C2A9B6D05 /* AppIntents */ = {
			isa = PBXFileSystemSynchronizedRootGroup;
			exceptions = (
			);
			path = AppIntents;
			sourceTree = "<group>";
		};
		C60C660DCFA5CBBCAED5BDC6 /* CarPlay */ = {
			isa = PBXFileSystemSynchronizedRootGroup;
			exceptions = (
			);
			path = CarPlay;
			sourceTree = "<group>";
		};
		CB62680C9F22933ADB6858C8 /* Extensions */ = {
			isa = PBXFileSystemSynchronizedRootGroup;
			exceptions = (
			);
			path = Extensions;
			sourceTree = "<group>";
		};
		CCBD4905523DF39ADFE4541D /* Services */ = {
			isa = PBXFileSystemSynchronizedRootGroup;
			exceptions = (
			);
			path = Services;
			sourceTree = "<group>";
		};
		DC50C2792FD1B6F16A54C8CB /* Measurement */ = {
			isa = PBXFileSystemSynchronizedRootGroup;
			exceptions = (
			);
			path = Measurement;
			sourceTree = "<group>";
		};
		DC96278527176AAB31A7FB01 /* Intents */ = {
			isa = PBXFileSystemSynchronizedRootGroup;
			exceptions = (
			);
			path = Intents;
			sourceTree = "<group>";
		};
		E2B447D5854E9AF750854F2C /* Provisioning */ = {
			isa = PBXFileSystemSynchronizedRootGroup;
			exceptions = (
			);
			path = Provisioning;
			sourceTree = "<group>";
		};
		DDDE59F729AF163D00490C6C /* Widgets */ = {isa = PBXFileSystemSynchronizedRootGroup; exceptions = (85FC84BF8DD64019A5A16CFE /* PBXFileSystemSynchronizedBuildFileExceptionSet */, ); explicitFileTypes = {}; explicitFolders = (); path = Widgets; sourceTree = "<group>"; };
		BEE7A0FFA439482EA72D1824 /* Shared */ = {isa = PBXFileSystemSynchronizedRootGroup; explicitFileTypes = {}; explicitFolders = (); path = Shared; sourceTree = "<group>"; };
/* End PBXFileSystemSynchronizedRootGroup section */

/* Begin PBXFrameworksBuildPhase section */
		25F5D5C42C4375A8008036E3 /* Frameworks */ = {
			isa = PBXFrameworksBuildPhase;
			buildActionMask = 2147483647;
			files = (
				DD00003C000SNAP00000001 /* SnapshotTesting in Frameworks */,
			);
			runOnlyForDeploymentPostprocessing = 0;
		};
		AA0005WTCH00000000FP0001 /* Frameworks */ = {
			isa = PBXFrameworksBuildPhase;
			buildActionMask = 2147483647;
			files = (
			);
			runOnlyForDeploymentPostprocessing = 0;
		};
		DDC2E15126CE248E0042C5E4 /* Frameworks */ = {
			isa = PBXFrameworksBuildPhase;
			buildActionMask = 2147483647;
			files = (
				DD86C7C52FE385D2000BC38E /* Markdown in Frameworks */,
				102B5EAD2E172F41003D191E /* DatadogCrashReporting in Frameworks */,
				25A978BA2C13F8ED0003AAE7 /* MeshtasticProtobufs in Frameworks */,
				102B5EAB2E172F41003D191E /* DatadogCore in Frameworks */,
				DD86D3ED2FEB9972000BC38E /* MVTTools in Frameworks */,
				102B5EAF2E172F41003D191E /* DatadogLogs in Frameworks */,
				102B5EB12E172F41003D191E /* DatadogRUM in Frameworks */,
				2315D1A82EEF2ED400E0FAE7 /* SwiftDraw in Frameworks */,
				DD0D3D222A55CEB10066DB71 /* CocoaMQTT in Frameworks */,
				10794B232F8713CB000CA23F /* MeshtasticTAK in Frameworks */,
				2388EC382EDF88E900F6F982 /* NordicDFU in Frameworks */,
				10D109F42E2047D600536CE6 /* DatadogTrace in Frameworks */,
			);
			runOnlyForDeploymentPostprocessing = 0;
		};
		DDDE59F129AF163D00490C6C /* Frameworks */ = {
			isa = PBXFrameworksBuildPhase;
			buildActionMask = 2147483647;
			files = (
				DDDE59F629AF163D00490C6C /* SwiftUI.framework in Frameworks */,
				DDDE59F529AF163D00490C6C /* WidgetKit.framework in Frameworks */,
				25A978BC2C13F90D0003AAE7 /* MeshtasticProtobufs in Frameworks */,
			);
			runOnlyForDeploymentPostprocessing = 0;
		};
/* End PBXFrameworksBuildPhase section */

/* Begin PBXGroup section */
		DD86C7C62FE385D2000BC38E /* Recovered References */ = {
			isa = PBXGroup;
			children = (
				AAFF00000000000000000009 /* PMTilesExtractorTests.swift */,
			);
			name = "Recovered References";
			sourceTree = "<group>";
		};
		DD8EDE9226F97A2B00A5A10B /* Frameworks */ = {
			isa = PBXGroup;
			children = (
				DD41A61C29AE7E8E003C5A37 /* WidgetKit.framework */,
				DD41A61E29AE7E8F003C5A37 /* SwiftUI.framework */,
			);
			name = Frameworks;
			sourceTree = "<group>";
		};
		DDC2E14B26CE248E0042C5E4 = {
			isa = PBXGroup;
			children = (
				DDD3A2B12D5127B40045EB48 /* ci_scripts */,
				DDDBC87A2BC62E4E001E8DF7 /* Settings.bundle */,
				25AECD4E2C2F723200862C8E /* Localizable.xcstrings */,
				DD3CC6BA28E366DF00FA9159 /* Meshtastic.xcdatamodeld */,
				DDC2E15626CE248E0042C5E4 /* Meshtastic */,
				DDDE59F729AF163D00490C6C /* Widgets */,
				BEE7A0FFA439482EA72D1824 /* Shared */,
				25F5D5C82C4375A8008036E3 /* MeshtasticTests */,
				AA0005WTCH00000000GR0001 /* Meshtastic Watch App */,
				DDC2E15526CE248E0042C5E4 /* Products */,
				DD8EDE9226F97A2B00A5A10B /* Frameworks */,
				DD86C7C62FE385D2000BC38E /* Recovered References */,
			);
			sourceTree = "<group>";
			usesTabs = 1;
		};
		DDC2E15526CE248E0042C5E4 /* Products */ = {
			isa = PBXGroup;
			children = (
				DDC2E15426CE248E0042C5E4 /* Meshtastic.app */,
				DDDE59F429AF163D00490C6C /* WidgetsExtension.appex */,
				25F5D5C72C4375A8008036E3 /* MeshtasticTests.xctest */,
				AA0005WTCH00000000FR0012 /* Meshtastic Watch App.app */,
			);
			name = Products;
			sourceTree = "<group>";
		};
		DDC2E15626CE248E0042C5E4 /* Meshtastic */ = {
			isa = PBXGroup;
			children = (
				E2B447D5854E9AF750854F2C /* Provisioning */,
				ABD6FAB2F8FD1E0B61AD1058 /* Accessory */,
				77ECCC9204BF9F3ABE7B3A15 /* API */,
				C60C660DCFA5CBBCAED5BDC6 /* CarPlay */,
				AA000401SIRI000000000001 /* AppIntentVocabulary.plist */,
				AA000402IPLS000000000001 /* InfoPlist.strings */,
				BCCB75AF40EC3B5C2A9B6D05 /* AppIntents */,
				DC96278527176AAB31A7FB01 /* Intents */,
				DC50C2792FD1B6F16A54C8CB /* Measurement */,
				8C566A28EF5CAF246BECB54A /* Router */,
				CCBD4905523DF39ADFE4541D /* Services */,
				0EE13964E300442C5A94BC5D /* Tips */,
				DD90860A26F645B700DC5189 /* Meshtastic.entitlements */,
				281DCB1BB89317C171EE4300 /* Enums */,
				37908F51452FEEB0C68FE4EA /* Export */,
				CB62680C9F22933ADB6858C8 /* Extensions */,
				34C2DF61955A6D9774FBF433 /* Helpers */,
				33B5F83CF3B4A73CE9C03027 /* Model */,
				13FD299F8ED189F4E212A2B8 /* Persistence */,
				DDC2E18926CE24F70042C5E4 /* Resources */,
				462C8DEEBADAE2DCBDDF605E /* Views */,
				DDC2E15726CE248E0042C5E4 /* MeshtasticApp.swift */,
				25F5D5C12C3F6E4B008036E3 /* AppState.swift */,
				DDC2E16526CE248F0042C5E4 /* Info.plist */,
				DDC2E15D26CE248F0042C5E4 /* Preview Content */,
				6DA39D8D2A92DC52007E311C /* MeshtasticAppDelegate.swift */,
			);
			path = Meshtastic;
			sourceTree = "<group>";
		};
		DDC2E15D26CE248F0042C5E4 /* Preview Content */ = {
			isa = PBXGroup;
			children = (
				DDC2E15E26CE248F0042C5E4 /* Preview Assets.xcassets */,
			);
			path = "Preview Content";
			sourceTree = "<group>";
		};
		DDC2E18926CE24F70042C5E4 /* Resources */ = {
			isa = PBXGroup;
			children = (
				236CA20D2EE3036A00A47F96 /* images */,
				2339EA972E6C65570032C234 /* AppIcon.icon */,
				2339EA992E6C65DC0032C234 /* AppIconDebug.icon */,
				DD98EB282E7A42CC0016320A /* AppIcon_Chirpy.icon */,
				DD98EB202E7A31140016320A /* AppIcon_Ham.icon */,
				DD98EB2A2E7A838D0016320A /* AppIcon_MPowered.icon */,
				DDB75A192A05EB67006ED576 /* alpha.png */,
				DDC2E15B26CE248F0042C5E4 /* Assets.xcassets */,
				DD0E21002B8A6BC500F2D100 /* DeviceHardware.json */,
				E4E4E4E402000000000000B0 /* event_firmware.json */,
				AF44FDF549704E29A8E5FE2F /* urls.json */,
				518D504DED9874EBF9D76578 /* Certificates */,
				AA003DOC0000005000000001 /* docs */,
			);
			path = Resources;
			sourceTree = "<group>";
		};
		DDD3A2B12D5127B40045EB48 /* ci_scripts */ = {
			isa = PBXGroup;
			children = (
				DDD3A2B22D5127CF0045EB48 /* ci_pre_xcodebuild.sh */,
			);
			path = ci_scripts;
			sourceTree = "<group>";
		};
/* End PBXGroup section */

/* Begin PBXNativeTarget section */
		25F5D5C62C4375A8008036E3 /* MeshtasticTests */ = {
			isa = PBXNativeTarget;
			buildConfigurationList = 25F5D5CF2C4375A8008036E3 /* Build configuration list for PBXNativeTarget "MeshtasticTests" */;
			buildPhases = (
				25F5D5C32C4375A8008036E3 /* Sources */,
				25F5D5C42C4375A8008036E3 /* Frameworks */,
				25F5D5C52C4375A8008036E3 /* Resources */,
			);
			buildRules = (
			);
			dependencies = (
				25F5D5CC2C4375A8008036E3 /* PBXTargetDependency */,
			);
			fileSystemSynchronizedGroups = (
				25F5D5C82C4375A8008036E3 /* MeshtasticTests */,
			);
			name = MeshtasticTests;
			packageProductDependencies = (
				DD00003B000SNAP00000000 /* SnapshotTesting */,
			);
			productName = MeshtasticTests;
			productReference = 25F5D5C72C4375A8008036E3 /* MeshtasticTests.xctest */;
			productType = "com.apple.product-type.bundle.unit-test";
		};
		AA0005WTCH00000000NT0001 /* Meshtastic Watch App */ = {
			isa = PBXNativeTarget;
			buildConfigurationList = AA0005WTCH00000000CL0001 /* Build configuration list for PBXNativeTarget "Meshtastic Watch App" */;
			buildPhases = (
				AA0005WTCH00000000SP0001 /* Sources */,
				AA0005WTCH00000000FP0001 /* Frameworks */,
				AA0005WTCH00000000RP0001 /* Resources */,
			);
			buildRules = (
			);
			dependencies = (
			);
			fileSystemSynchronizedGroups = (
				AA0005WTCH00000000GR0001 /* Meshtastic Watch App */,
			);
			name = "Meshtastic Watch App";
			productName = "Meshtastic Watch App";
			productReference = AA0005WTCH00000000FR0012 /* Meshtastic Watch App.app */;
			productType = "com.apple.product-type.application";
		};
		DDC2E15326CE248E0042C5E4 /* Meshtastic */ = {
			isa = PBXNativeTarget;
			buildConfigurationList = DDC2E17E26CE248F0042C5E4 /* Build configuration list for PBXNativeTarget "Meshtastic" */;
			buildPhases = (
				23148E312EE1F43B00F0DB2C /* Download Node SVG Images */,
				236CA24D2EE3073100A47F96 /* CopyFiles */,
				BB450974275599CE00509624 /* ShellScript */,
				DDC2E15026CE248E0042C5E4 /* Sources */,
				DDC2E15126CE248E0042C5E4 /* Frameworks */,
				DDC2E15226CE248E0042C5E4 /* Resources */,
				DDDE5A0829AF163F00490C6C /* Embed Foundation Extensions */,
				AA0005WTCH00000000CP0001 /* Embed Watch Content */,
			);
			buildRules = (
			);
			dependencies = (
				DDDE5A0229AF163E00490C6C /* PBXTargetDependency */,
				AA0005WTCH00000000TD0001 /* PBXTargetDependency */,
			);
			fileSystemSynchronizedGroups = (
				BEE7A0FFA439482EA72D1824 /* Shared */,
				236CA20D2EE3036A00A47F96 /* images */,
				33B5F83CF3B4A73CE9C03027 /* Model */,
				E2B447D5854E9AF750854F2C /* Provisioning */,
				ABD6FAB2F8FD1E0B61AD1058 /* Accessory */,
				77ECCC9204BF9F3ABE7B3A15 /* API */,
				C60C660DCFA5CBBCAED5BDC6 /* CarPlay */,
				BCCB75AF40EC3B5C2A9B6D05 /* AppIntents */,
				DC96278527176AAB31A7FB01 /* Intents */,
				DC50C2792FD1B6F16A54C8CB /* Measurement */,
				8C566A28EF5CAF246BECB54A /* Router */,
				CCBD4905523DF39ADFE4541D /* Services */,
				0EE13964E300442C5A94BC5D /* Tips */,
				281DCB1BB89317C171EE4300 /* Enums */,
				37908F51452FEEB0C68FE4EA /* Export */,
				13FD299F8ED189F4E212A2B8 /* Persistence */,
				34C2DF61955A6D9774FBF433 /* Helpers */,
				462C8DEEBADAE2DCBDDF605E /* Views */,
				CB62680C9F22933ADB6858C8 /* Extensions */,
			);
			name = Meshtastic;
			packageProductDependencies = (
				DD0D3D212A55CEB10066DB71 /* CocoaMQTT */,
				10794B222F8713CB000CA23F /* MeshtasticTAK */,
				25A978B92C13F8ED0003AAE7 /* MeshtasticProtobufs */,
				102B5EAA2E172F41003D191E /* DatadogCore */,
				102B5EAC2E172F41003D191E /* DatadogCrashReporting */,
				102B5EAE2E172F41003D191E /* DatadogLogs */,
				102B5EB02E172F41003D191E /* DatadogRUM */,
				10D109F32E2047D600536CE6 /* DatadogTrace */,
				2388EC372EDF88E900F6F982 /* NordicDFU */,
				2315D1A72EEF2ED400E0FAE7 /* SwiftDraw */,
				AA009SMD0000000000000002 /* Markdown */,
				DD86D3EC2FEB9972000BC38E /* MVTTools */,
			);
			productName = MeshtasticClient;
			productReference = DDC2E15426CE248E0042C5E4 /* Meshtastic.app */;
			productType = "com.apple.product-type.application";
		};
		DDDE59F329AF163D00490C6C /* WidgetsExtension */ = {
			isa = PBXNativeTarget;
			buildConfigurationList = DDDE5A0529AF163F00490C6C /* Build configuration list for PBXNativeTarget "WidgetsExtension" */;
			buildPhases = (
				DDDE59F029AF163D00490C6C /* Sources */,
				DDDE59F129AF163D00490C6C /* Frameworks */,
				DDDE59F229AF163D00490C6C /* Resources */,
			);
			buildRules = (
			);
			dependencies = (
			);
			fileSystemSynchronizedGroups = (
				BEE7A0FFA439482EA72D1824 /* Shared */,
				DDDE59F729AF163D00490C6C /* Widgets */,
			);
			name = WidgetsExtension;
			packageProductDependencies = (
				25A978BB2C13F90D0003AAE7 /* MeshtasticProtobufs */,
			);
			productName = WidgetsExtension;
			productReference = DDDE59F429AF163D00490C6C /* WidgetsExtension.appex */;
			productType = "com.apple.product-type.app-extension";
		};
/* End PBXNativeTarget section */

/* Begin PBXProject section */
		DDC2E14C26CE248E0042C5E4 /* Project object */ = {
			isa = PBXProject;
			attributes = {
				BuildIndependentTargetsInParallel = YES;
				LastSwiftUpdateCheck = 1540;
				LastUpgradeCheck = 1640;
				TargetAttributes = {
					25F5D5C62C4375A8008036E3 = {
						CreatedOnToolsVersion = 15.4;
						TestTargetID = DDC2E15326CE248E0042C5E4;
					};
					DDC2E15326CE248E0042C5E4 = {
						CreatedOnToolsVersion = 12.5.1;
						LastSwiftMigration = 1340;
					};
					DDDE59F329AF163D00490C6C = {
						CreatedOnToolsVersion = 14.2;
					};
				};
			};
			buildConfigurationList = DDC2E14F26CE248E0042C5E4 /* Build configuration list for PBXProject "Meshtastic" */;
			compatibilityVersion = "Xcode 13.0";
			developmentRegion = en;
			hasScannedForEncodings = 0;
			knownRegions = (
				Base,
				da,
				de,
				en,
				es,
				fr,
				he,
				it,
				ja,
				ko,
				pl,
				"pt-BR",
				ru,
				se,
				sr,
				"zh-Hans",
				"zh-Hant",
				"zh-Hant-TW",
			);
			mainGroup = DDC2E14B26CE248E0042C5E4;
			packageReferences = (
				DD0D3D202A55CEB10066DB71 /* XCRemoteSwiftPackageReference "CocoaMQTT" */,
				10794B212F8713CB000CA23F /* XCRemoteSwiftPackageReference "TAKPacket-SDK" */,
				25A978B82C13F8ED0003AAE7 /* XCLocalSwiftPackageReference "MeshtasticProtobufs" */,
				259792242C2F10B600AD1659 /* XCRemoteSwiftPackageReference "swift-protobuf" */,
				102B5EA92E172F41003D191E /* XCRemoteSwiftPackageReference "dd-sdk-ios" */,
				2388EC362EDF450200F6F982 /* XCRemoteSwiftPackageReference "IOS-DFU-Library" */,
				2315D1A62EEF2ED400E0FAE7 /* XCRemoteSwiftPackageReference "SwiftDraw" */,
				DD00003A000SNAP00000000 /* XCRemoteSwiftPackageReference "swift-snapshot-testing" */,
				AA009SMD0000000000000001 /* XCRemoteSwiftPackageReference "swift-markdown" */,
				DD86D3572FEB9686000BC38E /* XCRemoteSwiftPackageReference "mvt-tools" */,
			);
			productRefGroup = DDC2E15526CE248E0042C5E4 /* Products */;
			projectDirPath = "";
			projectRoot = "";
			targets = (
				DDC2E15326CE248E0042C5E4 /* Meshtastic */,
				DDDE59F329AF163D00490C6C /* WidgetsExtension */,
				25F5D5C62C4375A8008036E3 /* MeshtasticTests */,
				AA0005WTCH00000000NT0001 /* Meshtastic Watch App */,
			);
		};
/* End PBXProject section */

/* Begin PBXResourcesBuildPhase section */
		25F5D5C52C4375A8008036E3 /* Resources */ = {
			isa = PBXResourcesBuildPhase;
			buildActionMask = 2147483647;
			files = (
			);
			runOnlyForDeploymentPostprocessing = 0;
		};
		AA0005WTCH00000000RP0001 /* Resources */ = {
			isa = PBXResourcesBuildPhase;
			buildActionMask = 2147483647;
			files = (
			);
			runOnlyForDeploymentPostprocessing = 0;
		};
		DDC2E15226CE248E0042C5E4 /* Resources */ = {
			isa = PBXResourcesBuildPhase;
			buildActionMask = 2147483647;
			files = (
				DDC2E15F26CE248F0042C5E4 /* Preview Assets.xcassets in Resources */,
				AA000401SIRI000000000002 /* AppIntentVocabulary.plist in Resources */,
				AA000402IPLS000000000002 /* InfoPlist.strings in Resources */,
				DD98EB292E7A42CC0016320A /* AppIcon_Chirpy.icon in Resources */,
				25AECD4F2C2F723200862C8E /* Localizable.xcstrings in Resources */,
				2339EA9A2E6C65DC0032C234 /* AppIconDebug.icon in Resources */,
				DD98EB212E7A31140016320A /* AppIcon_Ham.icon in Resources */,
				2339EA982E6C65570032C234 /* AppIcon.icon in Resources */,
				DDB75A1A2A05EB67006ED576 /* alpha.png in Resources */,
				DD98EB2B2E7A838D0016320A /* AppIcon_MPowered.icon in Resources */,
				DDC2E15C26CE248F0042C5E4 /* Assets.xcassets in Resources */,
				DD0E21012B8A6F1300F2D100 /* DeviceHardware.json in Resources */,
				B734732C0C394582BD6CD0CA /* urls.json in Resources */,
				E4E4E4E402000000000000B1 /* event_firmware.json in Resources */,
				DDDBC87B2BC62E4E001E8DF7 /* Settings.bundle in Resources */,
				8E587743574CE17703E892C6 /* Certificates in Resources */,
				AA003DOC0000004000000001 /* docs in Resources */,
			);
			runOnlyForDeploymentPostprocessing = 0;
		};
		DDDE59F229AF163D00490C6C /* Resources */ = {
			isa = PBXResourcesBuildPhase;
			buildActionMask = 2147483647;
			files = (
			);
			runOnlyForDeploymentPostprocessing = 0;
		};
/* End PBXResourcesBuildPhase section */

/* Begin PBXShellScriptBuildPhase section */
		23148E312EE1F43B00F0DB2C /* Download Node SVG Images */ = {
			isa = PBXShellScriptBuildPhase;
			alwaysOutOfDate = 1;
			buildActionMask = 2147483647;
			files = (
			);
			inputFileListPaths = (
			);
			inputPaths = (
			);
			name = "Download Node SVG Images";
			outputFileListPaths = (
			);
			outputPaths = (
			);
			runOnlyForDeploymentPostprocessing = 0;
			shellPath = /bin/sh;
			shellScript = "MARKER=\"${TARGET_TEMP_DIR}/first-build.marker\"\n\nif [ ! -f \"$MARKER\" ]; then\n # Treating as CLEAN build (or first build in this DerivedData)\n # Force update all the note board images\n \"$SRCROOT/scripts/download_images.py\" --output-dir \"$SRCROOT/Meshtastic/Resources/images\" --output-json \"$SRCROOT/Meshtastic/Resources/DeviceHardware.json\" --force\n touch \"$MARKER\"\nelse\n # Incremental build\n # update only if there was a change in the devices json\n \"$SRCROOT/scripts/download_images.py\" --output-dir \"$SRCROOT/Meshtastic/Resources/images\" --output-json \"$SRCROOT/Meshtastic/Resources/DeviceHardware.json\"\nfi\n";
			showEnvVarsInLog = 0;
		};
		BB450974275599CE00509624 /* ShellScript */ = {
			isa = PBXShellScriptBuildPhase;
			alwaysOutOfDate = 1;
			buildActionMask = 2147483647;
			files = (
			);
			inputFileListPaths = (
			);
			inputPaths = (
			);
			outputFileListPaths = (
			);
			outputPaths = (
			);
			runOnlyForDeploymentPostprocessing = 0;
			shellPath = /bin/sh;
			shellScript = "if [[ \"$(uname -m)\" == arm64 ]]\nthen\n    export PATH=\"/opt/homebrew/bin:$PATH\"\nfi\n\nif command -v swiftlint >/dev/null 2>&1\nthen\n    swiftlint\nelse\n    echo \"warning: `swiftlint` command not found - See https://github.com/realm/SwiftLint#installation for installation instructions.\"\nfi\n";
		};
/* End PBXShellScriptBuildPhase section */

/* Begin PBXSourcesBuildPhase section */
		25F5D5C32C4375A8008036E3 /* Sources */ = {
			isa = PBXSourcesBuildPhase;
			buildActionMask = 2147483647;
			files = (
				BBFF00000000000000000009 /* PMTilesExtractorTests.swift in Sources */,
			);
			runOnlyForDeploymentPostprocessing = 0;
		};
		AA0005WTCH00000000SP0001 /* Sources */ = {
			isa = PBXSourcesBuildPhase;
			buildActionMask = 2147483647;
			files = (
			);
			runOnlyForDeploymentPostprocessing = 0;
		};
		DDC2E15026CE248E0042C5E4 /* Sources */ = {
			isa = PBXSourcesBuildPhase;
			buildActionMask = 2147483647;
			files = (
				6DA39D8E2A92DC52007E311C /* MeshtasticAppDelegate.swift in Sources */,
				25F5D5C22C3F6E4B008036E3 /* AppState.swift in Sources */,
				DDC2E15826CE248E0042C5E4 /* MeshtasticApp.swift in Sources */,
			);
			runOnlyForDeploymentPostprocessing = 0;
		};
		DDDE59F029AF163D00490C6C /* Sources */ = {
			isa = PBXSourcesBuildPhase;
			buildActionMask = 2147483647;
			files = (
			);
			runOnlyForDeploymentPostprocessing = 0;
		};
/* End PBXSourcesBuildPhase section */

/* Begin PBXTargetDependency section */
		25F5D5CC2C4375A8008036E3 /* PBXTargetDependency */ = {
			isa = PBXTargetDependency;
			target = DDC2E15326CE248E0042C5E4 /* Meshtastic */;
			targetProxy = 25F5D5CB2C4375A8008036E3 /* PBXContainerItemProxy */;
		};
		AA0005WTCH00000000TD0001 /* PBXTargetDependency */ = {
			isa = PBXTargetDependency;
			platformFilter = ios;
			target = AA0005WTCH00000000NT0001 /* Meshtastic Watch App */;
			targetProxy = AA0005WTCH00000000CX0001 /* PBXContainerItemProxy */;
		};
		DDDE5A0229AF163E00490C6C /* PBXTargetDependency */ = {
			isa = PBXTargetDependency;
			platformFilter = ios;
			target = DDDE59F329AF163D00490C6C /* WidgetsExtension */;
			targetProxy = DDDE5A0129AF163E00490C6C /* PBXContainerItemProxy */;
		};
/* End PBXTargetDependency section */

/* Begin PBXVariantGroup section */
		AA000401SIRI000000000001 /* AppIntentVocabulary.plist */ = {
			isa = PBXVariantGroup;
			children = (
				AA000401SIRI000000000010 /* en */,
				AA000401SIRI000000000011 /* de */,
				AA000401SIRI000000000012 /* es */,
				AA000401SIRI000000000013 /* fr */,
				AA000401SIRI000000000014 /* it */,
				AA000401SIRI000000000015 /* ja */,
				AA000401SIRI000000000016 /* da */,
				AA000401SIRI000000000017 /* pl */,
				AA000401SIRI000000000018 /* ru */,
				AA000401SIRI000000000019 /* he */,
				AA000401SIRI000000000020 /* sr */,
				AA000401SIRI000000000021 /* se */,
				AA000401SIRI000000000022 /* zh-Hans */,
				AA000401SIRI000000000023 /* zh-Hant-TW */,
				AA000401SIRI000000000024 /* ko */,
				AA000401SIRI000000000025 /* zh-Hant */,
				AA000401SIRI000000000026 /* pt-BR */,
				AA000401SIRI000000000027 /* uk */,
			);
			name = AppIntentVocabulary.plist;
			sourceTree = "<group>";
		};
		AA000402IPLS000000000001 /* InfoPlist.strings */ = {
			isa = PBXVariantGroup;
			children = (
				AA000402IPLS000000000010 /* zh-Hant-TW */,
				AA000402IPLS000000000011 /* uk */,
			);
			name = InfoPlist.strings;
			sourceTree = "<group>";
		};
/* End PBXVariantGroup section */

/* Begin XCBuildConfiguration section */
		25F5D5CD2C4375A8008036E3 /* Debug */ = {
			isa = XCBuildConfiguration;
			buildSettings = {
				ASSETCATALOG_COMPILER_GENERATE_SWIFT_ASSET_SYMBOL_EXTENSIONS = YES;
				BUNDLE_LOADER = "$(TEST_HOST)";
				CLANG_CXX_LANGUAGE_STANDARD = "gnu++20";
				CODE_SIGN_STYLE = Automatic;
				CURRENT_PROJECT_VERSION = 1;
				ENABLE_USER_SCRIPT_SANDBOXING = YES;
				GCC_C_LANGUAGE_STANDARD = gnu17;
				GENERATE_INFOPLIST_FILE = YES;
				IPHONEOS_DEPLOYMENT_TARGET = 17.5;
				MARKETING_VERSION = 1.0;
				PRODUCT_BUNDLE_IDENTIFIER = gvh.MeshtasticClient.MeshtasticTests;
				PRODUCT_NAME = "$(TARGET_NAME)";
				SUPPORTED_PLATFORMS = "iphoneos iphonesimulator";
				SUPPORTS_MACCATALYST = YES;
				SUPPORTS_MAC_DESIGNED_FOR_IPHONE_IPAD = NO;
				SWIFT_ACTIVE_COMPILATION_CONDITIONS = "DEBUG $(inherited)";
				SWIFT_EMIT_LOC_STRINGS = NO;
				SWIFT_VERSION = 5.0;
				TARGETED_DEVICE_FAMILY = "1,2";
				TEST_HOST = "$(BUILT_PRODUCTS_DIR)/Meshtastic.app/$(BUNDLE_EXECUTABLE_FOLDER_PATH)/Meshtastic";
			};
			name = Debug;
		};
		25F5D5CE2C4375A8008036E3 /* Release */ = {
			isa = XCBuildConfiguration;
			buildSettings = {
				ASSETCATALOG_COMPILER_GENERATE_SWIFT_ASSET_SYMBOL_EXTENSIONS = YES;
				BUNDLE_LOADER = "$(TEST_HOST)";
				CLANG_CXX_LANGUAGE_STANDARD = "gnu++20";
				CODE_SIGN_STYLE = Automatic;
				CURRENT_PROJECT_VERSION = 1;
				GCC_C_LANGUAGE_STANDARD = gnu17;
				GENERATE_INFOPLIST_FILE = YES;
				IPHONEOS_DEPLOYMENT_TARGET = 17.5;
				MARKETING_VERSION = 1.0;
				PRODUCT_BUNDLE_IDENTIFIER = gvh.MeshtasticClient.MeshtasticTests;
				PRODUCT_NAME = "$(TARGET_NAME)";
				SUPPORTED_PLATFORMS = "iphoneos iphonesimulator";
				SUPPORTS_MACCATALYST = YES;
				SUPPORTS_MAC_DESIGNED_FOR_IPHONE_IPAD = NO;
				SWIFT_EMIT_LOC_STRINGS = NO;
				SWIFT_VERSION = 5.0;
				TARGETED_DEVICE_FAMILY = "1,2";
				TEST_HOST = "$(BUILT_PRODUCTS_DIR)/Meshtastic.app/$(BUNDLE_EXECUTABLE_FOLDER_PATH)/Meshtastic";
			};
			name = Release;
		};
		AA0005WTCH00000000BC0001 /* Debug */ = {
			isa = XCBuildConfiguration;
			buildSettings = {
				ASSETCATALOG_COMPILER_APPICON_NAME = AppIcon;
				ASSETCATALOG_COMPILER_GLOBAL_ACCENT_COLOR_NAME = AccentColor;
				ASSETCATALOG_COMPILER_INCLUDE_ALL_APPICON_ASSETS = YES;
				CODE_SIGN_ENTITLEMENTS = "Meshtastic Watch App/Meshtastic Watch App.entitlements";
				CODE_SIGN_STYLE = Automatic;
				CURRENT_PROJECT_VERSION = 1;
				DEVELOPMENT_TEAM = GCH7VS5Y9R;
				GENERATE_INFOPLIST_FILE = YES;
				INFOPLIST_FILE = "Meshtastic Watch App/Info.plist";
				INFOPLIST_KEY_CFBundleDisplayName = Meshtastic;
				INFOPLIST_KEY_CFBundleIconName = AppIcon;
				INFOPLIST_KEY_NSLocationWhenInUseUsageDescription = "Meshtastic needs your location to calculate distance and bearing to mesh nodes during foxhunt.";
				INFOPLIST_KEY_WKCompanionAppBundleIdentifier = gvh.MeshtasticClient;
				INFOPLIST_KEY_WKRunsIndependentlyOfCompanionApp = NO;
				LD_RUNPATH_SEARCH_PATHS = (
					"$(inherited)",
					"@executable_path/Frameworks",
				);
				MARKETING_VERSION = 2.7.17;
				PRODUCT_BUNDLE_IDENTIFIER = gvh.MeshtasticClient.watchkitapp;
				PRODUCT_NAME = "$(TARGET_NAME)";
				SDKROOT = watchos;
				SKIP_INSTALL = YES;
				SUPPORTED_PLATFORMS = "watchos watchsimulator";
				SWIFT_EMIT_LOC_STRINGS = YES;
				SWIFT_VERSION = 5.0;
				TARGETED_DEVICE_FAMILY = 4;
				WATCHOS_DEPLOYMENT_TARGET = 10.0;
			};
			name = Debug;
		};
		AA0005WTCH00000000BC0002 /* Release */ = {
			isa = XCBuildConfiguration;
			buildSettings = {
				ASSETCATALOG_COMPILER_APPICON_NAME = AppIcon;
				ASSETCATALOG_COMPILER_GLOBAL_ACCENT_COLOR_NAME = AccentColor;
				ASSETCATALOG_COMPILER_INCLUDE_ALL_APPICON_ASSETS = YES;
				CODE_SIGN_ENTITLEMENTS = "Meshtastic Watch App/Meshtastic Watch App.entitlements";
				CODE_SIGN_STYLE = Automatic;
				CURRENT_PROJECT_VERSION = 1;
				DEVELOPMENT_TEAM = GCH7VS5Y9R;
				GENERATE_INFOPLIST_FILE = YES;
				INFOPLIST_FILE = "Meshtastic Watch App/Info.plist";
				INFOPLIST_KEY_CFBundleDisplayName = Meshtastic;
				INFOPLIST_KEY_CFBundleIconName = AppIcon;
				INFOPLIST_KEY_NSLocationWhenInUseUsageDescription = "Meshtastic needs your location to calculate distance and bearing to mesh nodes during foxhunt.";
				INFOPLIST_KEY_WKCompanionAppBundleIdentifier = gvh.MeshtasticClient;
				INFOPLIST_KEY_WKRunsIndependentlyOfCompanionApp = NO;
				LD_RUNPATH_SEARCH_PATHS = (
					"$(inherited)",
					"@executable_path/Frameworks",
				);
				MARKETING_VERSION = 2.7.17;
				PRODUCT_BUNDLE_IDENTIFIER = gvh.MeshtasticClient.watchkitapp;
				PRODUCT_NAME = "$(TARGET_NAME)";
				SDKROOT = watchos;
				SKIP_INSTALL = YES;
				SUPPORTED_PLATFORMS = "watchos watchsimulator";
				SWIFT_EMIT_LOC_STRINGS = YES;
				SWIFT_VERSION = 5.0;
				TARGETED_DEVICE_FAMILY = 4;
				WATCHOS_DEPLOYMENT_TARGET = 10.0;
			};
			name = Release;
		};
		DDC2E17C26CE248F0042C5E4 /* Debug */ = {
			isa = XCBuildConfiguration;
			buildSettings = {
				ALWAYS_SEARCH_USER_PATHS = NO;
				ASSETCATALOG_COMPILER_ALTERNATE_APPICON_NAMES = "";
				ASSETCATALOG_COMPILER_GENERATE_SWIFT_ASSET_SYMBOL_EXTENSIONS = YES;
				CLANG_ANALYZER_LOCALIZABILITY_NONLOCALIZED = YES;
				CLANG_ANALYZER_NONNULL = YES;
				CLANG_ANALYZER_NUMBER_OBJECT_CONVERSION = YES_AGGRESSIVE;
				CLANG_CXX_LANGUAGE_STANDARD = "gnu++14";
				CLANG_CXX_LIBRARY = "libc++";
				CLANG_ENABLE_MODULES = YES;
				CLANG_ENABLE_OBJC_ARC = YES;
				CLANG_ENABLE_OBJC_WEAK = YES;
				CLANG_WARN_BLOCK_CAPTURE_AUTORELEASING = YES;
				CLANG_WARN_BOOL_CONVERSION = YES;
				CLANG_WARN_COMMA = YES;
				CLANG_WARN_CONSTANT_CONVERSION = YES;
				CLANG_WARN_DEPRECATED_OBJC_IMPLEMENTATIONS = YES;
				CLANG_WARN_DIRECT_OBJC_ISA_USAGE = YES_ERROR;
				CLANG_WARN_DOCUMENTATION_COMMENTS = YES;
				CLANG_WARN_EMPTY_BODY = YES;
				CLANG_WARN_ENUM_CONVERSION = YES;
				CLANG_WARN_INFINITE_RECURSION = YES;
				CLANG_WARN_INT_CONVERSION = YES;
				CLANG_WARN_NON_LITERAL_NULL_CONVERSION = YES;
				CLANG_WARN_OBJC_IMPLICIT_RETAIN_SELF = YES;
				CLANG_WARN_OBJC_LITERAL_CONVERSION = YES;
				CLANG_WARN_OBJC_ROOT_CLASS = YES_ERROR;
				CLANG_WARN_QUOTED_INCLUDE_IN_FRAMEWORK_HEADER = YES;
				CLANG_WARN_RANGE_LOOP_ANALYSIS = YES;
				CLANG_WARN_STRICT_PROTOTYPES = YES;
				CLANG_WARN_SUSPICIOUS_MOVE = YES;
				CLANG_WARN_UNGUARDED_AVAILABILITY = YES_AGGRESSIVE;
				CLANG_WARN_UNREACHABLE_CODE = YES;
				CLANG_WARN__DUPLICATE_METHOD_MATCH = YES;
				COPY_PHASE_STRIP = NO;
				DEBUG_INFORMATION_FORMAT = dwarf;
				DEVELOPMENT_TEAM = GCH7VS5Y9R;
				ENABLE_STRICT_OBJC_MSGSEND = YES;
				ENABLE_TESTABILITY = YES;
				ENABLE_USER_SCRIPT_SANDBOXING = NO;
				GCC_C_LANGUAGE_STANDARD = gnu11;
				GCC_DYNAMIC_NO_PIC = NO;
				GCC_NO_COMMON_BLOCKS = YES;
				GCC_OPTIMIZATION_LEVEL = 0;
				GCC_PREPROCESSOR_DEFINITIONS = (
					"DEBUG=1",
					"$(inherited)",
				);
				GCC_WARN_64_TO_32_BIT_CONVERSION = YES;
				GCC_WARN_ABOUT_RETURN_TYPE = YES_ERROR;
				GCC_WARN_UNDECLARED_SELECTOR = YES;
				GCC_WARN_UNINITIALIZED_AUTOS = YES_AGGRESSIVE;
				GCC_WARN_UNUSED_FUNCTION = YES;
				GCC_WARN_UNUSED_VARIABLE = YES;
				IPHONEOS_DEPLOYMENT_TARGET = 16.4;
				LOCALIZATION_PREFERS_STRING_CATALOGS = YES;
				MTL_ENABLE_DEBUG_INFO = INCLUDE_SOURCE;
				MTL_FAST_MATH = YES;
				ONLY_ACTIVE_ARCH = YES;
				SDKROOT = iphoneos;
				SWIFT_ACTIVE_COMPILATION_CONDITIONS = DEBUG;
				SWIFT_OPTIMIZATION_LEVEL = "-Onone";
				SWIFT_STRICT_CONCURRENCY = targeted;
				SWIFT_VERSION = 6.0;
			};
			name = Debug;
		};
		DDC2E17D26CE248F0042C5E4 /* Release */ = {
			isa = XCBuildConfiguration;
			buildSettings = {
				ALWAYS_SEARCH_USER_PATHS = NO;
				ASSETCATALOG_COMPILER_ALTERNATE_APPICON_NAMES = "";
				ASSETCATALOG_COMPILER_GENERATE_SWIFT_ASSET_SYMBOL_EXTENSIONS = YES;
				CLANG_ANALYZER_LOCALIZABILITY_NONLOCALIZED = YES;
				CLANG_ANALYZER_NONNULL = YES;
				CLANG_ANALYZER_NUMBER_OBJECT_CONVERSION = YES_AGGRESSIVE;
				CLANG_CXX_LANGUAGE_STANDARD = "gnu++14";
				CLANG_CXX_LIBRARY = "libc++";
				CLANG_ENABLE_MODULES = YES;
				CLANG_ENABLE_OBJC_ARC = YES;
				CLANG_ENABLE_OBJC_WEAK = YES;
				CLANG_WARN_BLOCK_CAPTURE_AUTORELEASING = YES;
				CLANG_WARN_BOOL_CONVERSION = YES;
				CLANG_WARN_COMMA = YES;
				CLANG_WARN_CONSTANT_CONVERSION = YES;
				CLANG_WARN_DEPRECATED_OBJC_IMPLEMENTATIONS = YES;
				CLANG_WARN_DIRECT_OBJC_ISA_USAGE = YES_ERROR;
				CLANG_WARN_DOCUMENTATION_COMMENTS = YES;
				CLANG_WARN_EMPTY_BODY = YES;
				CLANG_WARN_ENUM_CONVERSION = YES;
				CLANG_WARN_INFINITE_RECURSION = YES;
				CLANG_WARN_INT_CONVERSION = YES;
				CLANG_WARN_NON_LITERAL_NULL_CONVERSION = YES;
				CLANG_WARN_OBJC_IMPLICIT_RETAIN_SELF = YES;
				CLANG_WARN_OBJC_LITERAL_CONVERSION = YES;
				CLANG_WARN_OBJC_ROOT_CLASS = YES_ERROR;
				CLANG_WARN_QUOTED_INCLUDE_IN_FRAMEWORK_HEADER = YES;
				CLANG_WARN_RANGE_LOOP_ANALYSIS = YES;
				CLANG_WARN_STRICT_PROTOTYPES = YES;
				CLANG_WARN_SUSPICIOUS_MOVE = YES;
				CLANG_WARN_UNGUARDED_AVAILABILITY = YES_AGGRESSIVE;
				CLANG_WARN_UNREACHABLE_CODE = YES;
				CLANG_WARN__DUPLICATE_METHOD_MATCH = YES;
				COPY_PHASE_STRIP = NO;
				DEBUG_INFORMATION_FORMAT = "dwarf-with-dsym";
				DEVELOPMENT_TEAM = GCH7VS5Y9R;
				ENABLE_NS_ASSERTIONS = NO;
				ENABLE_STRICT_OBJC_MSGSEND = YES;
				ENABLE_USER_SCRIPT_SANDBOXING = YES;
				GCC_C_LANGUAGE_STANDARD = gnu11;
				GCC_NO_COMMON_BLOCKS = YES;
				GCC_WARN_64_TO_32_BIT_CONVERSION = YES;
				GCC_WARN_ABOUT_RETURN_TYPE = YES_ERROR;
				GCC_WARN_UNDECLARED_SELECTOR = YES;
				GCC_WARN_UNINITIALIZED_AUTOS = YES_AGGRESSIVE;
				GCC_WARN_UNUSED_FUNCTION = YES;
				GCC_WARN_UNUSED_VARIABLE = YES;
				IPHONEOS_DEPLOYMENT_TARGET = 16.4;
				LOCALIZATION_PREFERS_STRING_CATALOGS = YES;
				MTL_ENABLE_DEBUG_INFO = NO;
				MTL_FAST_MATH = YES;
				ONLY_ACTIVE_ARCH = YES;
				SDKROOT = iphoneos;
				SWIFT_COMPILATION_MODE = wholemodule;
				SWIFT_OPTIMIZATION_LEVEL = "-O";
				SWIFT_STRICT_CONCURRENCY = targeted;
				SWIFT_VERSION = 6.0;
				TARGETED_DEVICE_FAMILY = "1,2,6";
				VALIDATE_PRODUCT = YES;
			};
			name = Release;
		};
		DDC2E17F26CE248F0042C5E4 /* Debug */ = {
			isa = XCBuildConfiguration;
			buildSettings = {
				ASSETCATALOG_COMPILER_APPICON_NAME = AppIconDebug;
				ASSETCATALOG_COMPILER_GLOBAL_ACCENT_COLOR_NAME = AccentColor;
				ASSETCATALOG_COMPILER_INCLUDE_ALL_APPICON_ASSETS = YES;
				CLANG_ENABLE_MODULES = YES;
				CODE_SIGN_ENTITLEMENTS = Meshtastic/Meshtastic.entitlements;
				"CODE_SIGN_ENTITLEMENTS[sdk=macosx*]" = "Meshtastic/Meshtastic-Catalyst.entitlements";
				"CODE_SIGN_IDENTITY[sdk=macosx*]" = "Apple Development";
				CODE_SIGN_STYLE = Automatic;
				CURRENT_PROJECT_VERSION = 1;
				DEVELOPMENT_ASSET_PATHS = "\"Meshtastic/Preview Content\"";
				ENABLE_APP_SANDBOX = YES;
				ENABLE_INCOMING_NETWORK_CONNECTIONS = YES;
				ENABLE_OUTGOING_NETWORK_CONNECTIONS = NO;
				ENABLE_PREVIEWS = YES;
				ENABLE_RESOURCE_ACCESS_AUDIO_INPUT = NO;
				ENABLE_RESOURCE_ACCESS_BLUETOOTH = NO;
				ENABLE_RESOURCE_ACCESS_CALENDARS = NO;
				ENABLE_RESOURCE_ACCESS_CAMERA = NO;
				ENABLE_RESOURCE_ACCESS_CONTACTS = NO;
				ENABLE_RESOURCE_ACCESS_LOCATION = NO;
				ENABLE_RESOURCE_ACCESS_PRINTING = NO;
				ENABLE_RESOURCE_ACCESS_USB = NO;
				INFOPLIST_FILE = Meshtastic/Info.plist;
				INFOPLIST_KEY_CFBundleDisplayName = Meshtastic;
				INFOPLIST_KEY_LSApplicationCategoryType = "public.app-category.utilities";
				IPHONEOS_DEPLOYMENT_TARGET = 17.5;
				LD_RUNPATH_SEARCH_PATHS = (
					"$(inherited)",
					"@executable_path/Frameworks",
				);
				MACOSX_DEPLOYMENT_TARGET = 14.6;
				MARKETING_VERSION = 2.7.17;
				OTHER_LDFLAGS = (
					"-weak_framework",
					SwiftUI,
				);
				PRODUCT_BUNDLE_IDENTIFIER = gvh.MeshtasticClient;
				PRODUCT_NAME = "$(TARGET_NAME)";
				SUPPORTS_MACCATALYST = YES;
				SUPPORTS_MAC_DESIGNED_FOR_IPHONE_IPAD = NO;
				SWIFT_EMIT_LOC_STRINGS = YES;
				SWIFT_OPTIMIZATION_LEVEL = "-Onone";
				SWIFT_VERSION = 5.0;
				TARGETED_DEVICE_FAMILY = "1,2";
			};
			name = Debug;
		};
		DDC2E18026CE248F0042C5E4 /* Release */ = {
			isa = XCBuildConfiguration;
			buildSettings = {
				ASSETCATALOG_COMPILER_APPICON_NAME = AppIcon;
				ASSETCATALOG_COMPILER_GLOBAL_ACCENT_COLOR_NAME = AccentColor;
				ASSETCATALOG_COMPILER_INCLUDE_ALL_APPICON_ASSETS = YES;
				CLANG_ENABLE_MODULES = YES;
				CODE_SIGN_ENTITLEMENTS = Meshtastic/Meshtastic.entitlements;
				"CODE_SIGN_ENTITLEMENTS[sdk=macosx*]" = "Meshtastic/Meshtastic-Catalyst.entitlements";
				"CODE_SIGN_IDENTITY[sdk=macosx*]" = "Apple Development";
				CODE_SIGN_STYLE = Automatic;
				CURRENT_PROJECT_VERSION = 1;
				DEVELOPMENT_ASSET_PATHS = "\"Meshtastic/Preview Content\"";
				ENABLE_APP_SANDBOX = YES;
				ENABLE_INCOMING_NETWORK_CONNECTIONS = YES;
				ENABLE_OUTGOING_NETWORK_CONNECTIONS = NO;
				ENABLE_PREVIEWS = YES;
				ENABLE_RESOURCE_ACCESS_AUDIO_INPUT = NO;
				ENABLE_RESOURCE_ACCESS_BLUETOOTH = NO;
				ENABLE_RESOURCE_ACCESS_CALENDARS = NO;
				ENABLE_RESOURCE_ACCESS_CAMERA = NO;
				ENABLE_RESOURCE_ACCESS_CONTACTS = NO;
				ENABLE_RESOURCE_ACCESS_LOCATION = NO;
				ENABLE_RESOURCE_ACCESS_PRINTING = NO;
				ENABLE_RESOURCE_ACCESS_USB = NO;
				INFOPLIST_FILE = Meshtastic/Info.plist;
				INFOPLIST_KEY_CFBundleDisplayName = Meshtastic;
				INFOPLIST_KEY_LSApplicationCategoryType = "public.app-category.utilities";
				IPHONEOS_DEPLOYMENT_TARGET = 17.5;
				LD_RUNPATH_SEARCH_PATHS = (
					"$(inherited)",
					"@executable_path/Frameworks",
				);
				MACOSX_DEPLOYMENT_TARGET = 14.6;
				MARKETING_VERSION = 2.7.17;
				OTHER_LDFLAGS = (
					"-weak_framework",
					SwiftUI,
				);
				PRODUCT_BUNDLE_IDENTIFIER = gvh.MeshtasticClient;
				PRODUCT_NAME = "$(TARGET_NAME)";
				SUPPORTS_MACCATALYST = YES;
				SUPPORTS_MAC_DESIGNED_FOR_IPHONE_IPAD = NO;
				SWIFT_EMIT_LOC_STRINGS = YES;
				SWIFT_VERSION = 5.0;
				TARGETED_DEVICE_FAMILY = "1,2";
			};
			name = Release;
		};
		DDDE5A0629AF163F00490C6C /* Debug */ = {
			isa = XCBuildConfiguration;
			buildSettings = {
				ASSETCATALOG_COMPILER_GLOBAL_ACCENT_COLOR_NAME = AccentColor;
				ASSETCATALOG_COMPILER_WIDGET_BACKGROUND_COLOR_NAME = WidgetBackground;
				CLANG_CXX_LANGUAGE_STANDARD = "gnu++20";
				CODE_SIGN_ENTITLEMENTS = Widgets/WidgetsExtension.entitlements;
				CODE_SIGN_IDENTITY = "Apple Development";
				CODE_SIGN_STYLE = Automatic;
				CURRENT_PROJECT_VERSION = 1;
				GENERATE_INFOPLIST_FILE = YES;
				INFOPLIST_FILE = Widgets/Info.plist;
				INFOPLIST_KEY_CFBundleDisplayName = Widgets;
				INFOPLIST_KEY_NSHumanReadableCopyright = "";
				IPHONEOS_DEPLOYMENT_TARGET = 17.5;
				LD_RUNPATH_SEARCH_PATHS = (
					"$(inherited)",
					"@executable_path/Frameworks",
					"@executable_path/../../Frameworks",
				);
				MACOSX_DEPLOYMENT_TARGET = 14.6;
				MARKETING_VERSION = 2.7.17;
				PRODUCT_BUNDLE_IDENTIFIER = gvh.MeshtasticClient.Widgets;
				PRODUCT_NAME = "$(TARGET_NAME)";
				PROVISIONING_PROFILE_SPECIFIER = "";
				SKIP_INSTALL = YES;
				SUPPORTED_PLATFORMS = "iphoneos iphonesimulator";
				SUPPORTS_MACCATALYST = YES;
				SUPPORTS_MAC_DESIGNED_FOR_IPHONE_IPAD = NO;
				SWIFT_EMIT_LOC_STRINGS = YES;
				SWIFT_VERSION = 5.0;
				TARGETED_DEVICE_FAMILY = "1,2";
			};
			name = Debug;
		};
		DDDE5A0729AF163F00490C6C /* Release */ = {
			isa = XCBuildConfiguration;
			buildSettings = {
				ASSETCATALOG_COMPILER_GLOBAL_ACCENT_COLOR_NAME = AccentColor;
				ASSETCATALOG_COMPILER_WIDGET_BACKGROUND_COLOR_NAME = WidgetBackground;
				CLANG_CXX_LANGUAGE_STANDARD = "gnu++20";
				CODE_SIGN_ENTITLEMENTS = Widgets/WidgetsExtension.entitlements;
				CODE_SIGN_IDENTITY = "Apple Development";
				CODE_SIGN_STYLE = Automatic;
				CURRENT_PROJECT_VERSION = 1;
				GENERATE_INFOPLIST_FILE = YES;
				INFOPLIST_FILE = Widgets/Info.plist;
				INFOPLIST_KEY_CFBundleDisplayName = Widgets;
				INFOPLIST_KEY_NSHumanReadableCopyright = "";
				IPHONEOS_DEPLOYMENT_TARGET = 17.5;
				LD_RUNPATH_SEARCH_PATHS = (
					"$(inherited)",
					"@executable_path/Frameworks",
					"@executable_path/../../Frameworks",
				);
				MACOSX_DEPLOYMENT_TARGET = 14.6;
				MARKETING_VERSION = 2.7.17;
				PRODUCT_BUNDLE_IDENTIFIER = gvh.MeshtasticClient.Widgets;
				PRODUCT_NAME = "$(TARGET_NAME)";
				PROVISIONING_PROFILE_SPECIFIER = "";
				SKIP_INSTALL = YES;
				SUPPORTED_PLATFORMS = "iphoneos iphonesimulator";
				SUPPORTS_MACCATALYST = YES;
				SUPPORTS_MAC_DESIGNED_FOR_IPHONE_IPAD = NO;
				SWIFT_EMIT_LOC_STRINGS = YES;
				SWIFT_VERSION = 5.0;
				TARGETED_DEVICE_FAMILY = "1,2";
			};
			name = Release;
		};
/* End XCBuildConfiguration section */

/* Begin XCConfigurationList section */
		25F5D5CF2C4375A8008036E3 /* Build configuration list for PBXNativeTarget "MeshtasticTests" */ = {
			isa = XCConfigurationList;
			buildConfigurations = (
				25F5D5CD2C4375A8008036E3 /* Debug */,
				25F5D5CE2C4375A8008036E3 /* Release */,
			);
			defaultConfigurationIsVisible = 0;
			defaultConfigurationName = Release;
		};
		AA0005WTCH00000000CL0001 /* Build configuration list for PBXNativeTarget "Meshtastic Watch App" */ = {
			isa = XCConfigurationList;
			buildConfigurations = (
				AA0005WTCH00000000BC0001 /* Debug */,
				AA0005WTCH00000000BC0002 /* Release */,
			);
			defaultConfigurationIsVisible = 0;
			defaultConfigurationName = Release;
		};
		DDC2E14F26CE248E0042C5E4 /* Build configuration list for PBXProject "Meshtastic" */ = {
			isa = XCConfigurationList;
			buildConfigurations = (
				DDC2E17C26CE248F0042C5E4 /* Debug */,
				DDC2E17D26CE248F0042C5E4 /* Release */,
			);
			defaultConfigurationIsVisible = 0;
			defaultConfigurationName = Release;
		};
		DDC2E17E26CE248F0042C5E4 /* Build configuration list for PBXNativeTarget "Meshtastic" */ = {
			isa = XCConfigurationList;
			buildConfigurations = (
				DDC2E17F26CE248F0042C5E4 /* Debug */,
				DDC2E18026CE248F0042C5E4 /* Release */,
			);
			defaultConfigurationIsVisible = 0;
			defaultConfigurationName = Release;
		};
		DDDE5A0529AF163F00490C6C /* Build configuration list for PBXNativeTarget "WidgetsExtension" */ = {
			isa = XCConfigurationList;
			buildConfigurations = (
				DDDE5A0629AF163F00490C6C /* Debug */,
				DDDE5A0729AF163F00490C6C /* Release */,
			);
			defaultConfigurationIsVisible = 0;
			defaultConfigurationName = Release;
		};
/* End XCConfigurationList section */

/* Begin XCLocalSwiftPackageReference section */
		25A978B82C13F8ED0003AAE7 /* XCLocalSwiftPackageReference "MeshtasticProtobufs" */ = {
			isa = XCLocalSwiftPackageReference;
			relativePath = MeshtasticProtobufs;
		};
/* End XCLocalSwiftPackageReference section */

/* Begin XCRemoteSwiftPackageReference section */
		102B5EA92E172F41003D191E /* XCRemoteSwiftPackageReference "dd-sdk-ios" */ = {
			isa = XCRemoteSwiftPackageReference;
			repositoryURL = "https://github.com/DataDog/dd-sdk-ios.git";
			requirement = {
				kind = versionRange;
				maximumVersion = 4.0.0;
				minimumVersion = 3.3.0;
			};
		};
		10794B212F8713CB000CA23F /* XCRemoteSwiftPackageReference "TAKPacket-SDK" */ = {
			isa = XCRemoteSwiftPackageReference;
			repositoryURL = "https://github.com/meshtastic/TAKPacket-SDK.git";
			requirement = {
				kind = upToNextMinorVersion;
				minimumVersion = 0.5.1;
			};
		};
		2315D1A62EEF2ED400E0FAE7 /* XCRemoteSwiftPackageReference "SwiftDraw" */ = {
			isa = XCRemoteSwiftPackageReference;
			repositoryURL = "https://github.com/swhitty/SwiftDraw";
			requirement = {
				kind = upToNextMajorVersion;
				minimumVersion = 0.25.3;
			};
		};
		2388EC362EDF450200F6F982 /* XCRemoteSwiftPackageReference "IOS-DFU-Library" */ = {
			isa = XCRemoteSwiftPackageReference;
			repositoryURL = "https://github.com/NordicSemiconductor/IOS-DFU-Library";
			requirement = {
				kind = upToNextMajorVersion;
				minimumVersion = 4.16.0;
			};
		};
		259792242C2F10B600AD1659 /* XCRemoteSwiftPackageReference "swift-protobuf" */ = {
			isa = XCRemoteSwiftPackageReference;
			repositoryURL = "https://github.com/apple/swift-protobuf.git";
			requirement = {
				kind = upToNextMajorVersion;
				minimumVersion = 1.26.0;
			};
		};
		AA009SMD0000000000000001 /* XCRemoteSwiftPackageReference "swift-markdown" */ = {
			isa = XCRemoteSwiftPackageReference;
			repositoryURL = "https://github.com/swiftlang/swift-markdown";
			requirement = {
				kind = upToNextMajorVersion;
				minimumVersion = 0.5.0;
			};
		};
		DD00003A000SNAP00000000 /* XCRemoteSwiftPackageReference "swift-snapshot-testing" */ = {
			isa = XCRemoteSwiftPackageReference;
			repositoryURL = "https://github.com/pointfreeco/swift-snapshot-testing";
			requirement = {
				kind = upToNextMajorVersion;
				minimumVersion = 1.17.0;
			};
		};
		DD0D3D202A55CEB10066DB71 /* XCRemoteSwiftPackageReference "CocoaMQTT" */ = {
			isa = XCRemoteSwiftPackageReference;
			repositoryURL = "https://github.com/emqx/CocoaMQTT";
			requirement = {
				kind = upToNextMajorVersion;
				minimumVersion = 2.0.0;
			};
		};
		DD86D3572FEB9686000BC38E /* XCRemoteSwiftPackageReference "mvt-tools" */ = {
			isa = XCRemoteSwiftPackageReference;
			repositoryURL = "https://github.com/Outdooractive/mvt-tools.git";
			requirement = {
				kind = upToNextMajorVersion;
				minimumVersion = 1.2.1;
			};
		};
/* End XCRemoteSwiftPackageReference section */

/* Begin XCSwiftPackageProductDependency section */
		102B5EAA2E172F41003D191E /* DatadogCore */ = {
			isa = XCSwiftPackageProductDependency;
			package = 102B5EA92E172F41003D191E /* XCRemoteSwiftPackageReference "dd-sdk-ios" */;
			productName = DatadogCore;
		};
		102B5EAC2E172F41003D191E /* DatadogCrashReporting */ = {
			isa = XCSwiftPackageProductDependency;
			package = 102B5EA92E172F41003D191E /* XCRemoteSwiftPackageReference "dd-sdk-ios" */;
			productName = DatadogCrashReporting;
		};
		102B5EAE2E172F41003D191E /* DatadogLogs */ = {
			isa = XCSwiftPackageProductDependency;
			package = 102B5EA92E172F41003D191E /* XCRemoteSwiftPackageReference "dd-sdk-ios" */;
			productName = DatadogLogs;
		};
		102B5EB02E172F41003D191E /* DatadogRUM */ = {
			isa = XCSwiftPackageProductDependency;
			package = 102B5EA92E172F41003D191E /* XCRemoteSwiftPackageReference "dd-sdk-ios" */;
			productName = DatadogRUM;
		};
		10794B222F8713CB000CA23F /* MeshtasticTAK */ = {
			isa = XCSwiftPackageProductDependency;
			package = 10794B212F8713CB000CA23F /* XCRemoteSwiftPackageReference "TAKPacket-SDK" */;
			productName = MeshtasticTAK;
		};
		10D109F32E2047D600536CE6 /* DatadogTrace */ = {
			isa = XCSwiftPackageProductDependency;
			package = 102B5EA92E172F41003D191E /* XCRemoteSwiftPackageReference "dd-sdk-ios" */;
			productName = DatadogTrace;
		};
		2315D1A72EEF2ED400E0FAE7 /* SwiftDraw */ = {
			isa = XCSwiftPackageProductDependency;
			package = 2315D1A62EEF2ED400E0FAE7 /* XCRemoteSwiftPackageReference "SwiftDraw" */;
			productName = SwiftDraw;
		};
		2388EC372EDF88E900F6F982 /* NordicDFU */ = {
			isa = XCSwiftPackageProductDependency;
			package = 2388EC362EDF450200F6F982 /* XCRemoteSwiftPackageReference "IOS-DFU-Library" */;
			productName = NordicDFU;
		};
		25A978B92C13F8ED0003AAE7 /* MeshtasticProtobufs */ = {
			isa = XCSwiftPackageProductDependency;
			productName = MeshtasticProtobufs;
		};
		25A978BB2C13F90D0003AAE7 /* MeshtasticProtobufs */ = {
			isa = XCSwiftPackageProductDependency;
			productName = MeshtasticProtobufs;
		};
		AA009SMD0000000000000002 /* Markdown */ = {
			isa = XCSwiftPackageProductDependency;
			package = AA009SMD0000000000000001 /* XCRemoteSwiftPackageReference "swift-markdown" */;
			productName = Markdown;
		};
		DD00003B000SNAP00000000 /* SnapshotTesting */ = {
			isa = XCSwiftPackageProductDependency;
			package = DD00003A000SNAP00000000 /* XCRemoteSwiftPackageReference "swift-snapshot-testing" */;
			productName = SnapshotTesting;
		};
		DD0D3D212A55CEB10066DB71 /* CocoaMQTT */ = {
			isa = XCSwiftPackageProductDependency;
			package = DD0D3D202A55CEB10066DB71 /* XCRemoteSwiftPackageReference "CocoaMQTT" */;
			productName = CocoaMQTT;
		};
		DD86D3EC2FEB9972000BC38E /* MVTTools */ = {
			isa = XCSwiftPackageProductDependency;
			package = DD86D3572FEB9686000BC38E /* XCRemoteSwiftPackageReference "mvt-tools" */;
			productName = MVTTools;
		};
/* End XCSwiftPackageProductDependency section */

/* Begin XCVersionGroup section */
		DD3CC6BA28E366DF00FA9159 /* Meshtastic.xcdatamodeld */ = {
			isa = XCVersionGroup;
			children = (
				AA0001022F07A4B000600001 /* MeshtasticDataModelV 57.xcdatamodel */,
				DD7D46262F833B520028AC1A /* MeshtasticDataModelV 56.xcdatamodel */,
				DD04804A2E9295A5005F946C /* MeshtasticDataModelV 55.xcdatamodel */,
				DDDF34392E2CB8E600356DC3 /* MeshtasticDataModelV 54.xcdatamodel */,
				DD1BEF462DFF284C0090CE24 /* MeshtasticDataModelV 53.xcdatamodel */,
				DD0836AB2DE7C7CB00A3A973 /* MeshtasticDataModelV 52.xcdatamodel */,
				DD63CB4E2DD4FBEA00AFCAE2 /* MeshtasticDataModelV 51.xcdatamodel */,
				233E99B32D84969500CC3A77 /* MeshtasticDataModelV 50.xcdatamodel */,
				8D3F8A3D2D44B137009EAAA4 /* MeshtasticDataModelV 49.xcdatamodel */,
				DDA28B1B2D32C89200EF726F /* MeshtasticDataModelV 48.xcdatamodel */,
				DDDFE7402D0D4A070044463C /* MeshtasticDataModelV 47.xcdatamodel */,
				DD0BE30C2CB785D8000BA445 /* MeshtasticDataModelV 46.xcdatamodel */,
				DD6D5A342CA13BA600ED3032 /* MeshtasticDataModelV 45.xcdatamodel */,
				DD7CF8DA2C93663C008BD10E /* MeshtasticDataModelV 44.xcdatamodel */,
				DD7E235F2C7AA3E50078ACDF /* MeshtasticDataModelV 43.xcdatamodel */,
				DD1BD0F12C61D3AD008C0C70 /* MeshtasticDataModelV 42.xcdatamodel */,
				DD2984A82C5AEF7500B1268D /* MeshtasticDataModelV 41.xcdatamodel */,
				DD68BAE72C417A74004C01A0 /* MeshtasticDataModelV 40.xcdatamodel */,
				DD3D17DC2C3D7B1400561584 /* MeshtasticDataModelV 39.xcdatamodel */,
				DDD5BB142C28680D007E03CA /* MeshtasticDataModelV 38.xcdatamodel */,
				DDD28D372C0CD2670063CFA3 /* MeshtasticDataModelV 37.xcdatamodel */,
				DD31B04D2BDC6FD30024FA63 /* MeshtasticDataModelV 36.xcdatamodel */,
				DD268D8C2BCC7D11008073AE /* MeshtasticDataModelV 35.xcdatamodel */,
				DDDBC87C2BC65682001E8DF7 /* MeshtasticDataModelV 34.xcdatamodel */,
				DDF45C382BC46B16005ED5F2 /* MeshtasticDataModelV33.xcdatamodel */,
				DD9681A22BBB22BE00FD2C47 /* MeshtasticDataModelV32.xcdatamodel */,
				DDDCD5712BB3246500BE6B60 /* MeshtasticDataModelV 31.xcdatamodel */,
				DD9A1A912BA2D2D3001E602E /* MeshtasticDataModelV 30.xcdatamodel */,
				DD398EBD2B93F640002B4C51 /* MeshtasticDataModelV 29.xcdatamodel */,
				DD0E20FF2B892E1300F2D100 /* MeshtasticDataModelV 28.xcdatamodel */,
				D93069062B81D8900066FBC8 /* MeshtasticDataModelV 27.xcdatamodel */,
				DD05296F2B77F454008E44CD /* MeshtasticDataModelV 26.xcdatamodel */,
				DD23D9AB2B7133F6003F5CBE /* MeshtasticDataModelV 25.xcdatamodel */,
				DDB234392B5CA9B000DA6FB1 /* MeshtasticDataModelV 24.xcdatamodel */,
				DD33DB602B3D1ECC003E1EA0 /* MeshtasticDataModelV 23.xcdatamodel */,
				DD295CE92B323ED9002CC4AC /* MeshtasticDataModelV22.xcdatamodel */,
				DD3619132B1EE20700C41C8C /* MeshtasticDataModelV21.xcdatamodel */,
				DDAB580B2B0D913500147258 /* MeshtasticDataModelV20.xcdatamodel */,
				DD2CC2E52ABFE04E00EDFDA7 /* MeshtasticDataModelV19.xcdatamodel */,
				DDDB26492AAD743E003AFCB7 /* MeshtasticDataModelV18.xcdatamodel */,
				DDF6B2462A9AEB9E00BA6931 /* MeshtasticDataModelV17.xcdatamodel */,
				DDC4CA012A8DAA3800CE201C /* MeshtasticDataModelV16.xcdatamodel */,
				DD14E72C2A80738F006E39BC /* MeshtasticDataModelV15.xcdatamodel */,
				DD0E9C222A30CE3A00580CBB /* MeshtasticDataModelV14.xcdatamodel */,
				DDB75A1F2A10766D006ED576 /* MeshtasticDataModelV13.xcdatamodel */,
				DDB759E12A04B264006ED576 /* MeshtasticDataModelV12.xcdatamodel */,
				DDDEE5E229DBE43E00A8E078 /* MeshtasticDataModelV11.xcdatamodel */,
				DDC94FC329CED7280082EA6E /* MeshtasticDataModelV10.xcdatamodel */,
				DDDD527729B5B83F0045BC3C /* MeshtasticDataModelV9.xcdatamodel */,
				DDBA45EC299ED78100DEEDDC /* MeshtasticDataModelV8.xcdatamodel */,
				DD5E51CC2986643400D21B61 /* MeshtasticDataModelV7.xcdatamodel */,
				DD964FC029724F6D007C176F /* MeshtasticDataModelV6.xcdatamodel */,
				DD457BC4295D5E35004BCE4D /* MeshtasticDataModelV5.xcdatamodel */,
				DDEE03EC29544A1000FCAD57 /* MeshtasticDataModelV4.xcdatamodel */,
				DDCDC69A29467643004C1DDA /* MeshtasticDataModelV3.xcdatamodel */,
				DD5D0A9A2931AD6B00F7EA61 /* MeshtasticDataModelV2.xcdatamodel */,
				DD3CC6BB28E366DF00FA9159 /* MeshtasticDataModel.xcdatamodel */,
			);
			currentVersion = DD3CC6BB28E366DF00FA9159 /* MeshtasticDataModel.xcdatamodel */;
			name = Meshtastic.xcdatamodeld;
			path = Meshtastic/Meshtastic.xcdatamodeld;
			sourceTree = "<group>";
			versionGroupType = wrapper.xcdatamodel;
		};
/* End XCVersionGroup section */
	};
	rootObject = DDC2E14C26CE248E0042C5E4 /* Project object */;
}
